
Microsoft Visual Studio Solution File, Format Version 12.00
# Visual Studio Version 16
Project("{2150E333-8FDC-42A3-9474-1A3956D46DE8}") = "CMakePredefinedTargets", "CMakePredefinedTargets", "{ED156735-2CA7-3A44-8CC4-DAD3E215A4A4}"
EndProject
Project("{2150E333-8FDC-42A3-9474-1A3956D46DE8}") = "GLFW3", "GLFW3", "{186B6EC5-B0D9-3780-8416-EF1E58C772B5}"
EndProject
Project("{2150E333-8FDC-42A3-9474-1A3956D46DE8}") = "Examples", "GLFW3\Examples", "{19B0CA8A-F560-36D7-98E9-CC85F87369B4}"
EndProject
Project("{2150E333-8FDC-42A3-9474-1A3956D46DE8}") = "Tests", "GLFW3\Tests", "{9FE203C0-1B02-3B4A-AA51-A2E1EDEEEAEE}"
EndProject
Project("{8BC9CEB8-8B4A-11D0-8D11-00A0C91BC942}") = "ALL_BUILD", "ALL_BUILD.vcxproj", "{40649027-E788-36A8-A200-6B814D1D74AB}"
	ProjectSection(ProjectDependencies) = postProject
		{A5327B79-BC20-36C1-B434-3DBC4C86A857} = {A5327B79-BC20-36C1-B434-3DBC4C86A857}
		{87DDAFD7-9606-3D33-A6A9-3E65D72936FE} = {87DDAFD7-9606-3D33-A6A9-3E65D72936FE}
		{25875350-9EB9-3BCC-B182-EB8B33E4CA97} = {25875350-9EB9-3BCC-B182-EB8B33E4CA97}
		{F9FA6DD8-EC39-30BC-BE04-32E35706F45B} = {F9FA6DD8-EC39-30BC-BE04-32E35706F45B}
		{72BA786B-7EF3-3C2B-87D9-60B6B9F55242} = {72BA786B-7EF3-3C2B-87D9-60B6B9F55242}
		{4A134112-C4E5-3EB0-BBDB-CA4FB650F5E9} = {4A134112-C4E5-3EB0-BBDB-CA4FB650F5E9}
		{F017BAD5-0E5B-35EB-8CE8-28CC84C5D3D9} = {F017BAD5-0E5B-35EB-8CE8-28CC84C5D3D9}
		{B8C2213D-DED4-3BE5-94A6-E3508327B56E} = {B8C2213D-DED4-3BE5-94A6-E3508327B56E}
		{1D8321AF-5C5F-3F0F-8C7A-CA1882AA9F8D} = {1D8321AF-5C5F-3F0F-8C7A-CA1882AA9F8D}
		{34FEE6E1-6092-3C40-9C6B-417B89AEC902} = {34FEE6E1-6092-3C40-9C6B-417B89AEC902}
		{E89580C9-5744-3BB7-9CA0-6B187ED6443A} = {E89580C9-5744-3BB7-9CA0-6B187ED6443A}
		{59A37BAA-0F95-39DD-A31E-77AB7A559623} = {59A37BAA-0F95-39DD-A31E-77AB7A559623}
		{DCB4B7CF-83FB-3BE7-8F46-EA6533A59F10} = {DCB4B7CF-83FB-3BE7-8F46-EA6533A59F10}
		{1736D4B8-833A-3EBB-A2CF-23A1F37677DA} = {1736D4B8-833A-3EBB-A2CF-23A1F37677DA}
		{BEC23E17-D887-3F62-8D4F-A6E88BD27EA2} = {BEC23E17-D887-3F62-8D4F-A6E88BD27EA2}
		{408CE5E9-97D7-3B81-A8F7-6B05644E4F18} = {408CE5E9-97D7-3B81-A8F7-6B05644E4F18}
		{DF3DB73D-F0E1-32D5-9FD5-0753F570CFC9} = {DF3DB73D-F0E1-32D5-9FD5-0753F570CFC9}
		{E306313E-1257-367A-9810-C18EA6564C75} = {E306313E-1257-367A-9810-C18EA6564C75}
		{F6F6618B-5A00-37CD-9D0B-196FECE4391C} = {F6F6618B-5A00-37CD-9D0B-196FECE4391C}
		{33C54717-AA12-3679-8E75-80F31BB6F300} = {33C54717-AA12-3679-8E75-80F31BB6F300}
		{C8609D9D-3F2D-3E7A-8406-8644AAFF0915} = {C8609D9D-3F2D-3E7A-8406-8644AAFF0915}
		{93757173-DCB0-33A8-8F8A-F0075C52AA20} = {93757173-DCB0-33A8-8F8A-F0075C52AA20}
		{72C12E80-FAF8-3370-94E7-F29ABDB5320E} = {72C12E80-FAF8-3370-94E7-F29ABDB5320E}
		{5262D5C2-42D3-3F92-A775-885876F4FC59} = {5262D5C2-42D3-3F92-A775-885876F4FC59}
		{0BEC2AFE-8DED-3DCE-B36B-FF18AA58753F} = {0BEC2AFE-8DED-3DCE-B36B-FF18AA58753F}
		{8BC25F9B-7016-37CC-93ED-68280E82A9A7} = {8BC25F9B-7016-37CC-93ED-68280E82A9A7}
		{D01F91B0-40BC-37A4-903E-A0463779F664} = {D01F91B0-40BC-37A4-903E-A0463779F664}
		{4E17F6CE-040A-3FDD-978B-3D9124996B9E} = {4E17F6CE-040A-3FDD-978B-3D9124996B9E}
		{4F085A26-C73D-3CA9-BF26-71E8F921D167} = {4F085A26-C73D-3CA9-BF26-71E8F921D167}
		{50AC439D-EDBC-3D4D-9633-761890890BDC} = {50AC439D-EDBC-3D4D-9633-761890890BDC}
		{88D91C79-1AA6-3DD5-A4EB-1A34D88E6CF8} = {88D91C79-1AA6-3DD5-A4EB-1A34D88E6CF8}
		{65801728-E393-38D6-9D6A-74B7D8619257} = {65801728-E393-38D6-9D6A-74B7D8619257}
		{13B895F1-18D7-39C9-9951-2CF0E28D1676} = {13B895F1-18D7-39C9-9951-2CF0E28D1676}
		{986DF954-F8FE-33E8-A01F-A9A1413A25B5} = {986DF954-F8FE-33E8-A01F-A9A1413A25B5}
	EndProjectSection
EndProject
Project("{8BC9CEB8-8B4A-11D0-8D11-00A0C91BC942}") = "ANTTWEAKBAR_116_OGLCORE_GLFW", "external\ANTTWEAKBAR_116_OGLCORE_GLFW.vcxproj", "{A5327B79-BC20-36C1-B434-3DBC4C86A857}"
	ProjectSection(ProjectDependencies) = postProject
		{F017BAD5-0E5B-35EB-8CE8-28CC84C5D3D9} = {F017BAD5-0E5B-35EB-8CE8-28CC84C5D3D9}
	EndProjectSection
EndProject
Project("{8BC9CEB8-8B4A-11D0-8D11-00A0C91BC942}") = "BulletCollision", "external\bullet-2.81-rev2613\src\BulletCollision\BulletCollision.vcxproj", "{87DDAFD7-9606-3D33-A6A9-3E65D72936FE}"
	ProjectSection(ProjectDependencies) = postProject
		{F017BAD5-0E5B-35EB-8CE8-28CC84C5D3D9} = {F017BAD5-0E5B-35EB-8CE8-28CC84C5D3D9}
	EndProjectSection
EndProject
Project("{8BC9CEB8-8B4A-11D0-8D11-00A0C91BC942}") = "BulletDynamics", "external\bullet-2.81-rev2613\src\BulletDynamics\BulletDynamics.vcxproj", "{25875350-9EB9-3BCC-B182-EB8B33E4CA97}"
	ProjectSection(ProjectDependencies) = postProject
		{F017BAD5-0E5B-35EB-8CE8-28CC84C5D3D9} = {F017BAD5-0E5B-35EB-8CE8-28CC84C5D3D9}
	EndProjectSection
EndProject
Project("{8BC9CEB8-8B4A-11D0-8D11-00A0C91BC942}") = "BulletSoftBody", "external\bullet-2.81-rev2613\src\BulletSoftBody\BulletSoftBody.vcxproj", "{F9FA6DD8-EC39-30BC-BE04-32E35706F45B}"
	ProjectSection(ProjectDependencies) = postProject
		{F017BAD5-0E5B-35EB-8CE8-28CC84C5D3D9} = {F017BAD5-0E5B-35EB-8CE8-28CC84C5D3D9}
	EndProjectSection
EndProject
Project("{8BC9CEB8-8B4A-11D0-8D11-00A0C91BC942}") = "GLEW_1130", "external\GLEW_1130.vcxproj", "{72BA786B-7EF3-3C2B-87D9-60B6B9F55242}"
	ProjectSection(ProjectDependencies) = postProject
		{F017BAD5-0E5B-35EB-8CE8-28CC84C5D3D9} = {F017BAD5-0E5B-35EB-8CE8-28CC84C5D3D9}
	EndProjectSection
EndProject
Project("{8BC9CEB8-8B4A-11D0-8D11-00A0C91BC942}") = "INSTALL", "INSTALL.vcxproj", "{6F6628A0-F900-3142-9FD2-9E4AD0130545}"
	ProjectSection(ProjectDependencies) = postProject
		{40649027-E788-36A8-A200-6B814D1D74AB} = {40649027-E788-36A8-A200-6B814D1D74AB}
		{F017BAD5-0E5B-35EB-8CE8-28CC84C5D3D9} = {F017BAD5-0E5B-35EB-8CE8-28CC84C5D3D9}
	EndProjectSection
EndProject
Project("{8BC9CEB8-8B4A-11D0-8D11-00A0C91BC942}") = "LinearMath", "external\bullet-2.81-rev2613\src\LinearMath\LinearMath.vcxproj", "{4A134112-C4E5-3EB0-BBDB-CA4FB650F5E9}"
	ProjectSection(ProjectDependencies) = postProject
		{F017BAD5-0E5B-35EB-8CE8-28CC84C5D3D9} = {F017BAD5-0E5B-35EB-8CE8-28CC84C5D3D9}
	EndProjectSection
EndProject
Project("{8BC9CEB8-8B4A-11D0-8D11-00A0C91BC942}") = "ZERO_CHECK", "ZERO_CHECK.vcxproj", "{F017BAD5-0E5B-35EB-8CE8-28CC84C5D3D9}"
	ProjectSection(ProjectDependencies) = postProject
	EndProjectSection
EndProject
Project("{8BC9CEB8-8B4A-11D0-8D11-00A0C91BC942}") = "assimp", "external\assimp-3.0.1270\code\assimp.vcxproj", "{B8C2213D-DED4-3BE5-94A6-E3508327B56E}"
	ProjectSection(ProjectDependencies) = postProject
		{F017BAD5-0E5B-35EB-8CE8-28CC84C5D3D9} = {F017BAD5-0E5B-35EB-8CE8-28CC84C5D3D9}
		{986DF954-F8FE-33E8-A01F-A9A1413A25B5} = {986DF954-F8FE-33E8-A01F-A9A1413A25B5}
	EndProjectSection
EndProject
Project("{8BC9CEB8-8B4A-11D0-8D11-00A0C91BC942}") = "boing", "external\glfw-3.1.2\examples\boing.vcxproj", "{1D8321AF-5C5F-3F0F-8C7A-CA1882AA9F8D}"
	ProjectSection(ProjectDependencies) = postProject
		{F017BAD5-0E5B-35EB-8CE8-28CC84C5D3D9} = {F017BAD5-0E5B-35EB-8CE8-28CC84C5D3D9}
		{408CE5E9-97D7-3B81-A8F7-6B05644E4F18} = {408CE5E9-97D7-3B81-A8F7-6B05644E4F18}
	EndProjectSection
EndProject
Project("{8BC9CEB8-8B4A-11D0-8D11-00A0C91BC942}") = "clipboard", "external\glfw-3.1.2\tests\clipboard.vcxproj", "{34FEE6E1-6092-3C40-9C6B-417B89AEC902}"
	ProjectSection(ProjectDependencies) = postProject
		{F017BAD5-0E5B-35EB-8CE8-28CC84C5D3D9} = {F017BAD5-0E5B-35EB-8CE8-28CC84C5D3D9}
		{408CE5E9-97D7-3B81-A8F7-6B05644E4F18} = {408CE5E9-97D7-3B81-A8F7-6B05644E4F18}
	EndProjectSection
EndProject
Project("{8BC9CEB8-8B4A-11D0-8D11-00A0C91BC942}") = "cursor", "external\glfw-3.1.2\tests\cursor.vcxproj", "{E89580C9-5744-3BB7-9CA0-6B187ED6443A}"
	ProjectSection(ProjectDependencies) = postProject
		{F017BAD5-0E5B-35EB-8CE8-28CC84C5D3D9} = {F017BAD5-0E5B-35EB-8CE8-28CC84C5D3D9}
		{408CE5E9-97D7-3B81-A8F7-6B05644E4F18} = {408CE5E9-97D7-3B81-A8F7-6B05644E4F18}
	EndProjectSection
EndProject
Project("{8BC9CEB8-8B4A-11D0-8D11-00A0C91BC942}") = "empty", "external\glfw-3.1.2\tests\empty.vcxproj", "{59A37BAA-0F95-39DD-A31E-77AB7A559623}"
	ProjectSection(ProjectDependencies) = postProject
		{F017BAD5-0E5B-35EB-8CE8-28CC84C5D3D9} = {F017BAD5-0E5B-35EB-8CE8-28CC84C5D3D9}
		{408CE5E9-97D7-3B81-A8F7-6B05644E4F18} = {408CE5E9-97D7-3B81-A8F7-6B05644E4F18}
	EndProjectSection
EndProject
Project("{8BC9CEB8-8B4A-11D0-8D11-00A0C91BC942}") = "events", "external\glfw-3.1.2\tests\events.vcxproj", "{DCB4B7CF-83FB-3BE7-8F46-EA6533A59F10}"
	ProjectSection(ProjectDependencies) = postProject
		{F017BAD5-0E5B-35EB-8CE8-28CC84C5D3D9} = {F017BAD5-0E5B-35EB-8CE8-28CC84C5D3D9}
		{408CE5E9-97D7-3B81-A8F7-6B05644E4F18} = {408CE5E9-97D7-3B81-A8F7-6B05644E4F18}
	EndProjectSection
EndProject
Project("{8BC9CEB8-8B4A-11D0-8D11-00A0C91BC942}") = "gamma", "external\glfw-3.1.2\tests\gamma.vcxproj", "{1736D4B8-833A-3EBB-A2CF-23A1F37677DA}"
	ProjectSection(ProjectDependencies) = postProject
		{F017BAD5-0E5B-35EB-8CE8-28CC84C5D3D9} = {F017BAD5-0E5B-35EB-8CE8-28CC84C5D3D9}
		{408CE5E9-97D7-3B81-A8F7-6B05644E4F18} = {408CE5E9-97D7-3B81-A8F7-6B05644E4F18}
	EndProjectSection
EndProject
Project("{8BC9CEB8-8B4A-11D0-8D11-00A0C91BC942}") = "gears", "external\glfw-3.1.2\examples\gears.vcxproj", "{BEC23E17-D887-3F62-8D4F-A6E88BD27EA2}"
	ProjectSection(ProjectDependencies) = postProject
		{F017BAD5-0E5B-35EB-8CE8-28CC84C5D3D9} = {F017BAD5-0E5B-35EB-8CE8-28CC84C5D3D9}
		{408CE5E9-97D7-3B81-A8F7-6B05644E4F18} = {408CE5E9-97D7-3B81-A8F7-6B05644E4F18}
	EndProjectSection
EndProject
Project("{8BC9CEB8-8B4A-11D0-8D11-00A0C91BC942}") = "glfw", "external\glfw-3.1.2\src\glfw.vcxproj", "{408CE5E9-97D7-3B81-A8F7-6B05644E4F18}"
	ProjectSection(ProjectDependencies) = postProject
		{F017BAD5-0E5B-35EB-8CE8-28CC84C5D3D9} = {F017BAD5-0E5B-35EB-8CE8-28CC84C5D3D9}
	EndProjectSection
EndProject
Project("{8BC9CEB8-8B4A-11D0-8D11-00A0C91BC942}") = "glfwinfo", "external\glfw-3.1.2\tests\glfwinfo.vcxproj", "{DF3DB73D-F0E1-32D5-9FD5-0753F570CFC9}"
	ProjectSection(ProjectDependencies) = postProject
		{F017BAD5-0E5B-35EB-8CE8-28CC84C5D3D9} = {F017BAD5-0E5B-35EB-8CE8-28CC84C5D3D9}
		{408CE5E9-97D7-3B81-A8F7-6B05644E4F18} = {408CE5E9-97D7-3B81-A8F7-6B05644E4F18}
	EndProjectSection
EndProject
Project("{8BC9CEB8-8B4A-11D0-8D11-00A0C91BC942}") = "heightmap", "external\glfw-3.1.2\examples\heightmap.vcxproj", "{E306313E-1257-367A-9810-C18EA6564C75}"
	ProjectSection(ProjectDependencies) = postProject
		{F017BAD5-0E5B-35EB-8CE8-28CC84C5D3D9} = {F017BAD5-0E5B-35EB-8CE8-28CC84C5D3D9}
		{408CE5E9-97D7-3B81-A8F7-6B05644E4F18} = {408CE5E9-97D7-3B81-A8F7-6B05644E4F18}
	EndProjectSection
EndProject
Project("{8BC9CEB8-8B4A-11D0-8D11-00A0C91BC942}") = "iconify", "external\glfw-3.1.2\tests\iconify.vcxproj", "{F6F6618B-5A00-37CD-9D0B-196FECE4391C}"
	ProjectSection(ProjectDependencies) = postProject
		{F017BAD5-0E5B-35EB-8CE8-28CC84C5D3D9} = {F017BAD5-0E5B-35EB-8CE8-28CC84C5D3D9}
		{408CE5E9-97D7-3B81-A8F7-6B05644E4F18} = {408CE5E9-97D7-3B81-A8F7-6B05644E4F18}
	EndProjectSection
EndProject
Project("{8BC9CEB8-8B4A-11D0-8D11-00A0C91BC942}") = "joysticks", "external\glfw-3.1.2\tests\joysticks.vcxproj", "{33C54717-AA12-3679-8E75-80F31BB6F300}"
	ProjectSection(ProjectDependencies) = postProject
		{F017BAD5-0E5B-35EB-8CE8-28CC84C5D3D9} = {F017BAD5-0E5B-35EB-8CE8-28CC84C5D3D9}
		{408CE5E9-97D7-3B81-A8F7-6B05644E4F18} = {408CE5E9-97D7-3B81-A8F7-6B05644E4F18}
	EndProjectSection
EndProject
Project("{8BC9CEB8-8B4A-11D0-8D11-00A0C91BC942}") = "monitors", "external\glfw-3.1.2\tests\monitors.vcxproj", "{C8609D9D-3F2D-3E7A-8406-8644AAFF0915}"
	ProjectSection(ProjectDependencies) = postProject
		{F017BAD5-0E5B-35EB-8CE8-28CC84C5D3D9} = {F017BAD5-0E5B-35EB-8CE8-28CC84C5D3D9}
		{408CE5E9-97D7-3B81-A8F7-6B05644E4F18} = {408CE5E9-97D7-3B81-A8F7-6B05644E4F18}
	EndProjectSection
EndProject
Project("{8BC9CEB8-8B4A-11D0-8D11-00A0C91BC942}") = "msaa", "external\glfw-3.1.2\tests\msaa.vcxproj", "{93757173-DCB0-33A8-8F8A-F0075C52AA20}"
	ProjectSection(ProjectDependencies) = postProject
		{F017BAD5-0E5B-35EB-8CE8-28CC84C5D3D9} = {F017BAD5-0E5B-35EB-8CE8-28CC84C5D3D9}
		{408CE5E9-97D7-3B81-A8F7-6B05644E4F18} = {408CE5E9-97D7-3B81-A8F7-6B05644E4F18}
	EndProjectSection
EndProject
Project("{8BC9CEB8-8B4A-11D0-8D11-00A0C91BC942}") = "particles", "external\glfw-3.1.2\examples\particles.vcxproj", "{72C12E80-FAF8-3370-94E7-F29ABDB5320E}"
	ProjectSection(ProjectDependencies) = postProject
		{F017BAD5-0E5B-35EB-8CE8-28CC84C5D3D9} = {F017BAD5-0E5B-35EB-8CE8-28CC84C5D3D9}
		{408CE5E9-97D7-3B81-A8F7-6B05644E4F18} = {408CE5E9-97D7-3B81-A8F7-6B05644E4F18}
	EndProjectSection
EndProject
Project("{8BC9CEB8-8B4A-11D0-8D11-00A0C91BC942}") = "reopen", "external\glfw-3.1.2\tests\reopen.vcxproj", "{5262D5C2-42D3-3F92-A775-885876F4FC59}"
	ProjectSection(ProjectDependencies) = postProject
		{F017BAD5-0E5B-35EB-8CE8-28CC84C5D3D9} = {F017BAD5-0E5B-35EB-8CE8-28CC84C5D3D9}
		{408CE5E9-97D7-3B81-A8F7-6B05644E4F18} = {408CE5E9-97D7-3B81-A8F7-6B05644E4F18}
	EndProjectSection
EndProject
Project("{8BC9CEB8-8B4A-11D0-8D11-00A0C91BC942}") = "sharing", "external\glfw-3.1.2\tests\sharing.vcxproj", "{0BEC2AFE-8DED-3DCE-B36B-FF18AA58753F}"
	ProjectSection(ProjectDependencies) = postProject
		{F017BAD5-0E5B-35EB-8CE8-28CC84C5D3D9} = {F017BAD5-0E5B-35EB-8CE8-28CC84C5D3D9}
		{408CE5E9-97D7-3B81-A8F7-6B05644E4F18} = {408CE5E9-97D7-3B81-A8F7-6B05644E4F18}
	EndProjectSection
EndProject
Project("{8BC9CEB8-8B4A-11D0-8D11-00A0C91BC942}") = "simple", "external\glfw-3.1.2\examples\simple.vcxproj", "{8BC25F9B-7016-37CC-93ED-68280E82A9A7}"
	ProjectSection(ProjectDependencies) = postProject
		{F017BAD5-0E5B-35EB-8CE8-28CC84C5D3D9} = {F017BAD5-0E5B-35EB-8CE8-28CC84C5D3D9}
		{408CE5E9-97D7-3B81-A8F7-6B05644E4F18} = {408CE5E9-97D7-3B81-A8F7-6B05644E4F18}
	EndProjectSection
EndProject
Project("{8BC9CEB8-8B4A-11D0-8D11-00A0C91BC942}") = "splitview", "external\glfw-3.1.2\examples\splitview.vcxproj", "{D01F91B0-40BC-37A4-903E-A0463779F664}"
	ProjectSection(ProjectDependencies) = postProject
		{F017BAD5-0E5B-35EB-8CE8-28CC84C5D3D9} = {F017BAD5-0E5B-35EB-8CE8-28CC84C5D3D9}
		{408CE5E9-97D7-3B81-A8F7-6B05644E4F18} = {408CE5E9-97D7-3B81-A8F7-6B05644E4F18}
	EndProjectSection
EndProject
Project("{8BC9CEB8-8B4A-11D0-8D11-00A0C91BC942}") = "tearing", "external\glfw-3.1.2\tests\tearing.vcxproj", "{4E17F6CE-040A-3FDD-978B-3D9124996B9E}"
	ProjectSection(ProjectDependencies) = postProject
		{F017BAD5-0E5B-35EB-8CE8-28CC84C5D3D9} = {F017BAD5-0E5B-35EB-8CE8-28CC84C5D3D9}
		{408CE5E9-97D7-3B81-A8F7-6B05644E4F18} = {408CE5E9-97D7-3B81-A8F7-6B05644E4F18}
	EndProjectSection
EndProject
Project("{8BC9CEB8-8B4A-11D0-8D11-00A0C91BC942}") = "threads", "external\glfw-3.1.2\tests\threads.vcxproj", "{4F085A26-C73D-3CA9-BF26-71E8F921D167}"
	ProjectSection(ProjectDependencies) = postProject
		{F017BAD5-0E5B-35EB-8CE8-28CC84C5D3D9} = {F017BAD5-0E5B-35EB-8CE8-28CC84C5D3D9}
		{408CE5E9-97D7-3B81-A8F7-6B05644E4F18} = {408CE5E9-97D7-3B81-A8F7-6B05644E4F18}
	EndProjectSection
EndProject
Project("{8BC9CEB8-8B4A-11D0-8D11-00A0C91BC942}") = "title", "external\glfw-3.1.2\tests\title.vcxproj", "{50AC439D-EDBC-3D4D-9633-761890890BDC}"
	ProjectSection(ProjectDependencies) = postProject
		{F017BAD5-0E5B-35EB-8CE8-28CC84C5D3D9} = {F017BAD5-0E5B-35EB-8CE8-28CC84C5D3D9}
		{408CE5E9-97D7-3B81-A8F7-6B05644E4F18} = {408CE5E9-97D7-3B81-A8F7-6B05644E4F18}
	EndProjectSection
EndProject
Project("{8BC9CEB8-8B4A-11D0-8D11-00A0C91BC942}") = "tutorial07_model_loading", "tutorial07_model_loading.vcxproj", "{88D91C79-1AA6-3DD5-A4EB-1A34D88E6CF8}"
	ProjectSection(ProjectDependencies) = postProject
		{72BA786B-7EF3-3C2B-87D9-60B6B9F55242} = {72BA786B-7EF3-3C2B-87D9-60B6B9F55242}
		{F017BAD5-0E5B-35EB-8CE8-28CC84C5D3D9} = {F017BAD5-0E5B-35EB-8CE8-28CC84C5D3D9}
		{408CE5E9-97D7-3B81-A8F7-6B05644E4F18} = {408CE5E9-97D7-3B81-A8F7-6B05644E4F18}
	EndProjectSection
EndProject
Project("{8BC9CEB8-8B4A-11D0-8D11-00A0C91BC942}") = "uninstall", "external\glfw-3.1.2\uninstall.vcxproj", "{6C47E112-9E2A-3307-8050-286D476B51E3}"
	ProjectSection(ProjectDependencies) = postProject
		{F017BAD5-0E5B-35EB-8CE8-28CC84C5D3D9} = {F017BAD5-0E5B-35EB-8CE8-28CC84C5D3D9}
	EndProjectSection
EndProject
Project("{8BC9CEB8-8B4A-11D0-8D11-00A0C91BC942}") = "wave", "external\glfw-3.1.2\examples\wave.vcxproj", "{65801728-E393-38D6-9D6A-74B7D8619257}"
	ProjectSection(ProjectDependencies) = postProject
		{F017BAD5-0E5B-35EB-8CE8-28CC84C5D3D9} = {F017BAD5-0E5B-35EB-8CE8-28CC84C5D3D9}
		{408CE5E9-97D7-3B81-A8F7-6B05644E4F18} = {408CE5E9-97D7-3B81-A8F7-6B05644E4F18}
	EndProjectSection
EndProject
Project("{8BC9CEB8-8B4A-11D0-8D11-00A0C91BC942}") = "windows", "external\glfw-3.1.2\tests\windows.vcxproj", "{13B895F1-18D7-39C9-9951-2CF0E28D1676}"
	ProjectSection(ProjectDependencies) = postProject
		{F017BAD5-0E5B-35EB-8CE8-28CC84C5D3D9} = {F017BAD5-0E5B-35EB-8CE8-28CC84C5D3D9}
		{408CE5E9-97D7-3B81-A8F7-6B05644E4F18} = {408CE5E9-97D7-3B81-A8F7-6B05644E4F18}
	EndProjectSection
EndProject
Project("{8BC9CEB8-8B4A-11D0-8D11-00A0C91BC942}") = "zlib", "external\assimp-3.0.1270\contrib\zlib\zlib.vcxproj", "{986DF954-F8FE-33E8-A01F-A9A1413A25B5}"
	ProjectSection(ProjectDependencies) = postProject
		{F017BAD5-0E5B-35EB-8CE8-28CC84C5D3D9} = {F017BAD5-0E5B-35EB-8CE8-28CC84C5D3D9}
	EndProjectSection
EndProject
Global
	GlobalSection(SolutionConfigurationPlatforms) = preSolution
		Debug|x64 = Debug|x64
		Release|x64 = Release|x64
		MinSizeRel|x64 = MinSizeRel|x64
		RelWithDebInfo|x64 = RelWithDebInfo|x64
	EndGlobalSection
	GlobalSection(ProjectConfigurationPlatforms) = postSolution
		{40649027-E788-36A8-A200-6B814D1D74AB}.Debug|x64.ActiveCfg = Debug|x64
		{40649027-E788-36A8-A200-6B814D1D74AB}.Debug|x64.Build.0 = Debug|x64
		{40649027-E788-36A8-A200-6B814D1D74AB}.Release|x64.ActiveCfg = Release|x64
		{40649027-E788-36A8-A200-6B814D1D74AB}.Release|x64.Build.0 = Release|x64
		{40649027-E788-36A8-A200-6B814D1D74AB}.MinSizeRel|x64.ActiveCfg = MinSizeRel|x64
		{40649027-E788-36A8-A200-6B814D1D74AB}.MinSizeRel|x64.Build.0 = MinSizeRel|x64
		{40649027-E788-36A8-A200-6B814D1D74AB}.RelWithDebInfo|x64.ActiveCfg = RelWithDebInfo|x64
		{40649027-E788-36A8-A200-6B814D1D74AB}.RelWithDebInfo|x64.Build.0 = RelWithDebInfo|x64
		{A5327B79-BC20-36C1-B434-3DBC4C86A857}.Debug|x64.ActiveCfg = Debug|x64
		{A5327B79-BC20-36C1-B434-3DBC4C86A857}.Debug|x64.Build.0 = Debug|x64
		{A5327B79-BC20-36C1-B434-3DBC4C86A857}.Release|x64.ActiveCfg = Release|x64
		{A5327B79-BC20-36C1-B434-3DBC4C86A857}.Release|x64.Build.0 = Release|x64
		{A5327B79-BC20-36C1-B434-3DBC4C86A857}.MinSizeRel|x64.ActiveCfg = MinSizeRel|x64
		{A5327B79-BC20-36C1-B434-3DBC4C86A857}.MinSizeRel|x64.Build.0 = MinSizeRel|x64
		{A5327B79-BC20-36C1-B434-3DBC4C86A857}.RelWithDebInfo|x64.ActiveCfg = RelWithDebInfo|x64
		{A5327B79-BC20-36C1-B434-3DBC4C86A857}.RelWithDebInfo|x64.Build.0 = RelWithDebInfo|x64
		{87DDAFD7-9606-3D33-A6A9-3E65D72936FE}.Debug|x64.ActiveCfg = Debug|x64
		{87DDAFD7-9606-3D33-A6A9-3E65D72936FE}.Debug|x64.Build.0 = Debug|x64
		{87DDAFD7-9606-3D33-A6A9-3E65D72936FE}.Release|x64.ActiveCfg = Release|x64
		{87DDAFD7-9606-3D33-A6A9-3E65D72936FE}.Release|x64.Build.0 = Release|x64
		{87DDAFD7-9606-3D33-A6A9-3E65D72936FE}.MinSizeRel|x64.ActiveCfg = MinSizeRel|x64
		{87DDAFD7-9606-3D33-A6A9-3E65D72936FE}.MinSizeRel|x64.Build.0 = MinSizeRel|x64
		{87DDAFD7-9606-3D33-A6A9-3E65D72936FE}.RelWithDebInfo|x64.ActiveCfg = RelWithDebInfo|x64
		{87DDAFD7-9606-3D33-A6A9-3E65D72936FE}.RelWithDebInfo|x64.Build.0 = RelWithDebInfo|x64
		{25875350-9EB9-3BCC-B182-EB8B33E4CA97}.Debug|x64.ActiveCfg = Debug|x64
		{25875350-9EB9-3BCC-B182-EB8B33E4CA97}.Debug|x64.Build.0 = Debug|x64
		{25875350-9EB9-3BCC-B182-EB8B33E4CA97}.Release|x64.ActiveCfg = Release|x64
		{25875350-9EB9-3BCC-B182-EB8B33E4CA97}.Release|x64.Build.0 = Release|x64
		{25875350-9EB9-3BCC-B182-EB8B33E4CA97}.MinSizeRel|x64.ActiveCfg = MinSizeRel|x64
		{25875350-9EB9-3BCC-B182-EB8B33E4CA97}.MinSizeRel|x64.Build.0 = MinSizeRel|x64
		{25875350-9EB9-3BCC-B182-EB8B33E4CA97}.RelWithDebInfo|x64.ActiveCfg = RelWithDebInfo|x64
		{25875350-9EB9-3BCC-B182-EB8B33E4CA97}.RelWithDebInfo|x64.Build.0 = RelWithDebInfo|x64
		{F9FA6DD8-EC39-30BC-BE04-32E35706F45B}.Debug|x64.ActiveCfg = Debug|x64
		{F9FA6DD8-EC39-30BC-BE04-32E35706F45B}.Debug|x64.Build.0 = Debug|x64
		{F9FA6DD8-EC39-30BC-BE04-32E35706F45B}.Release|x64.ActiveCfg = Release|x64
		{F9FA6DD8-EC39-30BC-BE04-32E35706F45B}.Release|x64.Build.0 = Release|x64
		{F9FA6DD8-EC39-30BC-BE04-32E35706F45B}.MinSizeRel|x64.ActiveCfg = MinSizeRel|x64
		{F9FA6DD8-EC39-30BC-BE04-32E35706F45B}.MinSizeRel|x64.Build.0 = MinSizeRel|x64
		{F9FA6DD8-EC39-30BC-BE04-32E35706F45B}.RelWithDebInfo|x64.ActiveCfg = RelWithDebInfo|x64
		{F9FA6DD8-EC39-30BC-BE04-32E35706F45B}.RelWithDebInfo|x64.Build.0 = RelWithDebInfo|x64
		{72BA786B-7EF3-3C2B-87D9-60B6B9F55242}.Debug|x64.ActiveCfg = Debug|x64
		{72BA786B-7EF3-3C2B-87D9-60B6B9F55242}.Debug|x64.Build.0 = Debug|x64
		{72BA786B-7EF3-3C2B-87D9-60B6B9F55242}.Release|x64.ActiveCfg = Release|x64
		{72BA786B-7EF3-3C2B-87D9-60B6B9F55242}.Release|x64.Build.0 = Release|x64
		{72BA786B-7EF3-3C2B-87D9-60B6B9F55242}.MinSizeRel|x64.ActiveCfg = MinSizeRel|x64
		{72BA786B-7EF3-3C2B-87D9-60B6B9F55242}.MinSizeRel|x64.Build.0 = MinSizeRel|x64
		{72BA786B-7EF3-3C2B-87D9-60B6B9F55242}.RelWithDebInfo|x64.ActiveCfg = RelWithDebInfo|x64
		{72BA786B-7EF3-3C2B-87D9-60B6B9F55242}.RelWithDebInfo|x64.Build.0 = RelWithDebInfo|x64
		{6F6628A0-F900-3142-9FD2-9E4AD0130545}.Debug|x64.ActiveCfg = Debug|x64
		{6F6628A0-F900-3142-9FD2-9E4AD0130545}.Release|x64.ActiveCfg = Release|x64
		{6F6628A0-F900-3142-9FD2-9E4AD0130545}.MinSizeRel|x64.ActiveCfg = MinSizeRel|x64
		{6F6628A0-F900-3142-9FD2-9E4AD0130545}.RelWithDebInfo|x64.ActiveCfg = RelWithDebInfo|x64
		{4A134112-C4E5-3EB0-BBDB-CA4FB650F5E9}.Debug|x64.ActiveCfg = Debug|x64
		{4A134112-C4E5-3EB0-BBDB-CA4FB650F5E9}.Debug|x64.Build.0 = Debug|x64
		{4A134112-C4E5-3EB0-BBDB-CA4FB650F5E9}.Release|x64.ActiveCfg = Release|x64
		{4A134112-C4E5-3EB0-BBDB-CA4FB650F5E9}.Release|x64.Build.0 = Release|x64
		{4A134112-C4E5-3EB0-BBDB-CA4FB650F5E9}.MinSizeRel|x64.ActiveCfg = MinSizeRel|x64
		{4A134112-C4E5-3EB0-BBDB-CA4FB650F5E9}.MinSizeRel|x64.Build.0 = MinSizeRel|x64
		{4A134112-C4E5-3EB0-BBDB-CA4FB650F5E9}.RelWithDebInfo|x64.ActiveCfg = RelWithDebInfo|x64
		{4A134112-C4E5-3EB0-BBDB-CA4FB650F5E9}.RelWithDebInfo|x64.Build.0 = RelWithDebInfo|x64
		{F017BAD5-0E5B-35EB-8CE8-28CC84C5D3D9}.Debug|x64.ActiveCfg = Debug|x64
		{F017BAD5-0E5B-35EB-8CE8-28CC84C5D3D9}.Debug|x64.Build.0 = Debug|x64
		{F017BAD5-0E5B-35EB-8CE8-28CC84C5D3D9}.Release|x64.ActiveCfg = Release|x64
		{F017BAD5-0E5B-35EB-8CE8-28CC84C5D3D9}.Release|x64.Build.0 = Release|x64
		{F017BAD5-0E5B-35EB-8CE8-28CC84C5D3D9}.MinSizeRel|x64.ActiveCfg = MinSizeRel|x64
		{F017BAD5-0E5B-35EB-8CE8-28CC84C5D3D9}.MinSizeRel|x64.Build.0 = MinSizeRel|x64
		{F017BAD5-0E5B-35EB-8CE8-28CC84C5D3D9}.RelWithDebInfo|x64.ActiveCfg = RelWithDebInfo|x64
		{F017BAD5-0E5B-35EB-8CE8-28CC84C5D3D9}.RelWithDebInfo|x64.Build.0 = RelWithDebInfo|x64
		{B8C2213D-DED4-3BE5-94A6-E3508327B56E}.Debug|x64.ActiveCfg = Debug|x64
		{B8C2213D-DED4-3BE5-94A6-E3508327B56E}.Debug|x64.Build.0 = Debug|x64
		{B8C2213D-DED4-3BE5-94A6-E3508327B56E}.Release|x64.ActiveCfg = Release|x64
		{B8C2213D-DED4-3BE5-94A6-E3508327B56E}.Release|x64.Build.0 = Release|x64
		{B8C2213D-DED4-3BE5-94A6-E3508327B56E}.MinSizeRel|x64.ActiveCfg = MinSizeRel|x64
		{B8C2213D-DED4-3BE5-94A6-E3508327B56E}.MinSizeRel|x64.Build.0 = MinSizeRel|x64
		{B8C2213D-DED4-3BE5-94A6-E3508327B56E}.RelWithDebInfo|x64.ActiveCfg = RelWithDebInfo|x64
		{B8C2213D-DED4-3BE5-94A6-E3508327B56E}.RelWithDebInfo|x64.Build.0 = RelWithDebInfo|x64
		{1D8321AF-5C5F-3F0F-8C7A-CA1882AA9F8D}.Debug|x64.ActiveCfg = Debug|x64
		{1D8321AF-5C5F-3F0F-8C7A-CA1882AA9F8D}.Debug|x64.Build.0 = Debug|x64
		{1D8321AF-5C5F-3F0F-8C7A-CA1882AA9F8D}.Release|x64.ActiveCfg = Release|x64
		{1D8321AF-5C5F-3F0F-8C7A-CA1882AA9F8D}.Release|x64.Build.0 = Release|x64
		{1D8321AF-5C5F-3F0F-8C7A-CA1882AA9F8D}.MinSizeRel|x64.ActiveCfg = MinSizeRel|x64
		{1D8321AF-5C5F-3F0F-8C7A-CA1882AA9F8D}.MinSizeRel|x64.Build.0 = MinSizeRel|x64
		{1D8321AF-5C5F-3F0F-8C7A-CA1882AA9F8D}.RelWithDebInfo|x64.ActiveCfg = RelWithDebInfo|x64
		{1D8321AF-5C5F-3F0F-8C7A-CA1882AA9F8D}.RelWithDebInfo|x64.Build.0 = RelWithDebInfo|x64
		{34FEE6E1-6092-3C40-9C6B-417B89AEC902}.Debug|x64.ActiveCfg = Debug|x64
		{34FEE6E1-6092-3C40-9C6B-417B89AEC902}.Debug|x64.Build.0 = Debug|x64
		{34FEE6E1-6092-3C40-9C6B-417B89AEC902}.Release|x64.ActiveCfg = Release|x64
		{34FEE6E1-6092-3C40-9C6B-417B89AEC902}.Release|x64.Build.0 = Release|x64
		{34FEE6E1-6092-3C40-9C6B-417B89AEC902}.MinSizeRel|x64.ActiveCfg = MinSizeRel|x64
		{34FEE6E1-6092-3C40-9C6B-417B89AEC902}.MinSizeRel|x64.Build.0 = MinSizeRel|x64
		{34FEE6E1-6092-3C40-9C6B-417B89AEC902}.RelWithDebInfo|x64.ActiveCfg = RelWithDebInfo|x64
		{34FEE6E1-6092-3C40-9C6B-417B89AEC902}.RelWithDebInfo|x64.Build.0 = RelWithDebInfo|x64
		{E89580C9-5744-3BB7-9CA0-6B187ED6443A}.Debug|x64.ActiveCfg = Debug|x64
		{E89580C9-5744-3BB7-9CA0-6B187ED6443A}.Debug|x64.Build.0 = Debug|x64
		{E89580C9-5744-3BB7-9CA0-6B187ED6443A}.Release|x64.ActiveCfg = Release|x64
		{E89580C9-5744-3BB7-9CA0-6B187ED6443A}.Release|x64.Build.0 = Release|x64
		{E89580C9-5744-3BB7-9CA0-6B187ED6443A}.MinSizeRel|x64.ActiveCfg = MinSizeRel|x64
		{E89580C9-5744-3BB7-9CA0-6B187ED6443A}.MinSizeRel|x64.Build.0 = MinSizeRel|x64
		{E89580C9-5744-3BB7-9CA0-6B187ED6443A}.RelWithDebInfo|x64.ActiveCfg = RelWithDebInfo|x64
		{E89580C9-5744-3BB7-9CA0-6B187ED6443A}.RelWithDebInfo|x64.Build.0 = RelWithDebInfo|x64
		{59A37BAA-0F95-39DD-A31E-77AB7A559623}.Debug|x64.ActiveCfg = Debug|x64
		{59A37BAA-0F95-39DD-A31E-77AB7A559623}.Debug|x64.Build.0 = Debug|x64
		{59A37BAA-0F95-39DD-A31E-77AB7A559623}.Release|x64.ActiveCfg = Release|x64
		{59A37BAA-0F95-39DD-A31E-77AB7A559623}.Release|x64.Build.0 = Release|x64
		{59A37BAA-0F95-39DD-A31E-77AB7A559623}.MinSizeRel|x64.ActiveCfg = MinSizeRel|x64
		{59A37BAA-0F95-39DD-A31E-77AB7A559623}.MinSizeRel|x64.Build.0 = MinSizeRel|x64
		{59A37BAA-0F95-39DD-A31E-77AB7A559623}.RelWithDebInfo|x64.ActiveCfg = RelWithDebInfo|x64
		{59A37BAA-0F95-39DD-A31E-77AB7A559623}.RelWithDebInfo|x64.Build.0 = RelWithDebInfo|x64
		{DCB4B7CF-83FB-3BE7-8F46-EA6533A59F10}.Debug|x64.ActiveCfg = Debug|x64
		{DCB4B7CF-83FB-3BE7-8F46-EA6533A59F10}.Debug|x64.Build.0 = Debug|x64
		{DCB4B7CF-83FB-3BE7-8F46-EA6533A59F10}.Release|x64.ActiveCfg = Release|x64
		{DCB4B7CF-83FB-3BE7-8F46-EA6533A59F10}.Release|x64.Build.0 = Release|x64
		{DCB4B7CF-83FB-3BE7-8F46-EA6533A59F10}.MinSizeRel|x64.ActiveCfg = MinSizeRel|x64
		{DCB4B7CF-83FB-3BE7-8F46-EA6533A59F10}.MinSizeRel|x64.Build.0 = MinSizeRel|x64
		{DCB4B7CF-83FB-3BE7-8F46-EA6533A59F10}.RelWithDebInfo|x64.ActiveCfg = RelWithDebInfo|x64
		{DCB4B7CF-83FB-3BE7-8F46-EA6533A59F10}.RelWithDebInfo|x64.Build.0 = RelWithDebInfo|x64
		{1736D4B8-833A-3EBB-A2CF-23A1F37677DA}.Debug|x64.ActiveCfg = Debug|x64
		{1736D4B8-833A-3EBB-A2CF-23A1F37677DA}.Debug|x64.Build.0 = Debug|x64
		{1736D4B8-833A-3EBB-A2CF-23A1F37677DA}.Release|x64.ActiveCfg = Release|x64
		{1736D4B8-833A-3EBB-A2CF-23A1F37677DA}.Release|x64.Build.0 = Release|x64
		{1736D4B8-833A-3EBB-A2CF-23A1F37677DA}.MinSizeRel|x64.ActiveCfg = MinSizeRel|x64
		{1736D4B8-833A-3EBB-A2CF-23A1F37677DA}.MinSizeRel|x64.Build.0 = MinSizeRel|x64
		{1736D4B8-833A-3EBB-A2CF-23A1F37677DA}.RelWithDebInfo|x64.ActiveCfg = RelWithDebInfo|x64
		{1736D4B8-833A-3EBB-A2CF-23A1F37677DA}.RelWithDebInfo|x64.Build.0 = RelWithDebInfo|x64
		{BEC23E17-D887-3F62-8D4F-A6E88BD27EA2}.Debug|x64.ActiveCfg = Debug|x64
		{BEC23E17-D887-3F62-8D4F-A6E88BD27EA2}.Debug|x64.Build.0 = Debug|x64
		{BEC23E17-D887-3F62-8D4F-A6E88BD27EA2}.Release|x64.ActiveCfg = Release|x64
		{BEC23E17-D887-3F62-8D4F-A6E88BD27EA2}.Release|x64.Build.0 = Release|x64
		{BEC23E17-D887-3F62-8D4F-A6E88BD27EA2}.MinSizeRel|x64.ActiveCfg = MinSizeRel|x64
		{BEC23E17-D887-3F62-8D4F-A6E88BD27EA2}.MinSizeRel|x64.Build.0 = MinSizeRel|x64
		{BEC23E17-D887-3F62-8D4F-A6E88BD27EA2}.RelWithDebInfo|x64.ActiveCfg = RelWithDebInfo|x64
		{BEC23E17-D887-3F62-8D4F-A6E88BD27EA2}.RelWithDebInfo|x64.Build.0 = RelWithDebInfo|x64
		{408CE5E9-97D7-3B81-A8F7-6B05644E4F18}.Debug|x64.ActiveCfg = Debug|x64
		{408CE5E9-97D7-3B81-A8F7-6B05644E4F18}.Debug|x64.Build.0 = Debug|x64
		{408CE5E9-97D7-3B81-A8F7-6B05644E4F18}.Release|x64.ActiveCfg = Release|x64
		{408CE5E9-97D7-3B81-A8F7-6B05644E4F18}.Release|x64.Build.0 = Release|x64
		{408CE5E9-97D7-3B81-A8F7-6B05644E4F18}.MinSizeRel|x64.ActiveCfg = MinSizeRel|x64
		{408CE5E9-97D7-3B81-A8F7-6B05644E4F18}.MinSizeRel|x64.Build.0 = MinSizeRel|x64
		{408CE5E9-97D7-3B81-A8F7-6B05644E4F18}.RelWithDebInfo|x64.ActiveCfg = RelWithDebInfo|x64
		{408CE5E9-97D7-3B81-A8F7-6B05644E4F18}.RelWithDebInfo|x64.Build.0 = RelWithDebInfo|x64
		{DF3DB73D-F0E1-32D5-9FD5-0753F570CFC9}.Debug|x64.ActiveCfg = Debug|x64
		{DF3DB73D-F0E1-32D5-9FD5-0753F570CFC9}.Debug|x64.Build.0 = Debug|x64
		{DF3DB73D-F0E1-32D5-9FD5-0753F570CFC9}.Release|x64.ActiveCfg = Release|x64
		{DF3DB73D-F0E1-32D5-9FD5-0753F570CFC9}.Release|x64.Build.0 = Release|x64
		{DF3DB73D-F0E1-32D5-9FD5-0753F570CFC9}.MinSizeRel|x64.ActiveCfg = MinSizeRel|x64
		{DF3DB73D-F0E1-32D5-9FD5-0753F570CFC9}.MinSizeRel|x64.Build.0 = MinSizeRel|x64
		{DF3DB73D-F0E1-32D5-9FD5-0753F570CFC9}.RelWithDebInfo|x64.ActiveCfg = RelWithDebInfo|x64
		{DF3DB73D-F0E1-32D5-9FD5-0753F570CFC9}.RelWithDebInfo|x64.Build.0 = RelWithDebInfo|x64
		{E306313E-1257-367A-9810-C18EA6564C75}.Debug|x64.ActiveCfg = Debug|x64
		{E306313E-1257-367A-9810-C18EA6564C75}.Debug|x64.Build.0 = Debug|x64
		{E306313E-1257-367A-9810-C18EA6564C75}.Release|x64.ActiveCfg = Release|x64
		{E306313E-1257-367A-9810-C18EA6564C75}.Release|x64.Build.0 = Release|x64
		{E306313E-1257-367A-9810-C18EA6564C75}.MinSizeRel|x64.ActiveCfg = MinSizeRel|x64
		{E306313E-1257-367A-9810-C18EA6564C75}.MinSizeRel|x64.Build.0 = MinSizeRel|x64
		{E306313E-1257-367A-9810-C18EA6564C75}.RelWithDebInfo|x64.ActiveCfg = RelWithDebInfo|x64
		{E306313E-1257-367A-9810-C18EA6564C75}.RelWithDebInfo|x64.Build.0 = RelWithDebInfo|x64
		{F6F6618B-5A00-37CD-9D0B-196FECE4391C}.Debug|x64.ActiveCfg = Debug|x64
		{F6F6618B-5A00-37CD-9D0B-196FECE4391C}.Debug|x64.Build.0 = Debug|x64
		{F6F6618B-5A00-37CD-9D0B-196FECE4391C}.Release|x64.ActiveCfg = Release|x64
		{F6F6618B-5A00-37CD-9D0B-196FECE4391C}.Release|x64.Build.0 = Release|x64
		{F6F6618B-5A00-37CD-9D0B-196FECE4391C}.MinSizeRel|x64.ActiveCfg = MinSizeRel|x64
		{F6F6618B-5A00-37CD-9D0B-196FECE4391C}.MinSizeRel|x64.Build.0 = MinSizeRel|x64
		{F6F6618B-5A00-37CD-9D0B-196FECE4391C}.RelWithDebInfo|x64.ActiveCfg = RelWithDebInfo|x64
		{F6F6618B-5A00-37CD-9D0B-196FECE4391C}.RelWithDebInfo|x64.Build.0 = RelWithDebInfo|x64
		{33C54717-AA12-3679-8E75-80F31BB6F300}.Debug|x64.ActiveCfg = Debug|x64
		{33C54717-AA12-3679-8E75-80F31BB6F300}.Debug|x64.Build.0 = Debug|x64
		{33C54717-AA12-3679-8E75-80F31BB6F300}.Release|x64.ActiveCfg = Release|x64
		{33C54717-AA12-3679-8E75-80F31BB6F300}.Release|x64.Build.0 = Release|x64
		{33C54717-AA12-3679-8E75-80F31BB6F300}.MinSizeRel|x64.ActiveCfg = MinSizeRel|x64
		{33C54717-AA12-3679-8E75-80F31BB6F300}.MinSizeRel|x64.Build.0 = MinSizeRel|x64
		{33C54717-AA12-3679-8E75-80F31BB6F300}.RelWithDebInfo|x64.ActiveCfg = RelWithDebInfo|x64
		{33C54717-AA12-3679-8E75-80F31BB6F300}.RelWithDebInfo|x64.Build.0 = RelWithDebInfo|x64
		{C8609D9D-3F2D-3E7A-8406-8644AAFF0915}.Debug|x64.ActiveCfg = Debug|x64
		{C8609D9D-3F2D-3E7A-8406-8644AAFF0915}.Debug|x64.Build.0 = Debug|x64
		{C8609D9D-3F2D-3E7A-8406-8644AAFF0915}.Release|x64.ActiveCfg = Release|x64
		{C8609D9D-3F2D-3E7A-8406-8644AAFF0915}.Release|x64.Build.0 = Release|x64
		{C8609D9D-3F2D-3E7A-8406-8644AAFF0915}.MinSizeRel|x64.ActiveCfg = MinSizeRel|x64
		{C8609D9D-3F2D-3E7A-8406-8644AAFF0915}.MinSizeRel|x64.Build.0 = MinSizeRel|x64
		{C8609D9D-3F2D-3E7A-8406-8644AAFF0915}.RelWithDebInfo|x64.ActiveCfg = RelWithDebInfo|x64
		{C8609D9D-3F2D-3E7A-8406-8644AAFF0915}.RelWithDebInfo|x64.Build.0 = RelWithDebInfo|x64
		{93757173-DCB0-33A8-8F8A-F0075C52AA20}.Debug|x64.ActiveCfg = Debug|x64
		{93757173-DCB0-33A8-8F8A-F0075C52AA20}.Debug|x64.Build.0 = Debug|x64
		{93757173-DCB0-33A8-8F8A-F0075C52AA20}.Release|x64.ActiveCfg = Release|x64
		{93757173-DCB0-33A8-8F8A-F0075C52AA20}.Release|x64.Build.0 = Release|x64
		{93757173-DCB0-33A8-8F8A-F0075C52AA20}.MinSizeRel|x64.ActiveCfg = MinSizeRel|x64
		{93757173-DCB0-33A8-8F8A-F0075C52AA20}.MinSizeRel|x64.Build.0 = MinSizeRel|x64
		{93757173-DCB0-33A8-8F8A-F0075C52AA20}.RelWithDebInfo|x64.ActiveCfg = RelWithDebInfo|x64
		{93757173-DCB0-33A8-8F8A-F0075C52AA20}.RelWithDebInfo|x64.Build.0 = RelWithDebInfo|x64
		{72C12E80-FAF8-3370-94E7-F29ABDB5320E}.Debug|x64.ActiveCfg = Debug|x64
		{72C12E80-FAF8-3370-94E7-F29ABDB5320E}.Debug|x64.Build.0 = Debug|x64
		{72C12E80-FAF8-3370-94E7-F29ABDB5320E}.Release|x64.ActiveCfg = Release|x64
		{72C12E80-FAF8-3370-94E7-F29ABDB5320E}.Release|x64.Build.0 = Release|x64
		{72C12E80-FAF8-3370-94E7-F29ABDB5320E}.MinSizeRel|x64.ActiveCfg = MinSizeRel|x64
		{72C12E80-FAF8-3370-94E7-F29ABDB5320E}.MinSizeRel|x64.Build.0 = MinSizeRel|x64
		{72C12E80-FAF8-3370-94E7-F29ABDB5320E}.RelWithDebInfo|x64.ActiveCfg = RelWithDebInfo|x64
		{72C12E80-FAF8-3370-94E7-F29ABDB5320E}.RelWithDebInfo|x64.Build.0 = RelWithDebInfo|x64
		{5262D5C2-42D3-3F92-A775-885876F4FC59}.Debug|x64.ActiveCfg = Debug|x64
		{5262D5C2-42D3-3F92-A775-885876F4FC59}.Debug|x64.Build.0 = Debug|x64
		{5262D5C2-42D3-3F92-A775-885876F4FC59}.Release|x64.ActiveCfg = Release|x64
		{5262D5C2-42D3-3F92-A775-885876F4FC59}.Release|x64.Build.0 = Release|x64
		{5262D5C2-42D3-3F92-A775-885876F4FC59}.MinSizeRel|x64.ActiveCfg = MinSizeRel|x64
		{5262D5C2-42D3-3F92-A775-885876F4FC59}.MinSizeRel|x64.Build.0 = MinSizeRel|x64
		{5262D5C2-42D3-3F92-A775-885876F4FC59}.RelWithDebInfo|x64.ActiveCfg = RelWithDebInfo|x64
		{5262D5C2-42D3-3F92-A775-885876F4FC59}.RelWithDebInfo|x64.Build.0 = RelWithDebInfo|x64
		{0BEC2AFE-8DED-3DCE-B36B-FF18AA58753F}.Debug|x64.ActiveCfg = Debug|x64
		{0BEC2AFE-8DED-3DCE-B36B-FF18AA58753F}.Debug|x64.Build.0 = Debug|x64
		{0BEC2AFE-8DED-3DCE-B36B-FF18AA58753F}.Release|x64.ActiveCfg = Release|x64
		{0BEC2AFE-8DED-3DCE-B36B-FF18AA58753F}.Release|x64.Build.0 = Release|x64
		{0BEC2AFE-8DED-3DCE-B36B-FF18AA58753F}.MinSizeRel|x64.ActiveCfg = MinSizeRel|x64
		{0BEC2AFE-8DED-3DCE-B36B-FF18AA58753F}.MinSizeRel|x64.Build.0 = MinSizeRel|x64
		{0BEC2AFE-8DED-3DCE-B36B-FF18AA58753F}.RelWithDebInfo|x64.ActiveCfg = RelWithDebInfo|x64
		{0BEC2AFE-8DED-3DCE-B36B-FF18AA58753F}.RelWithDebInfo|x64.Build.0 = RelWithDebInfo|x64
		{8BC25F9B-7016-37CC-93ED-68280E82A9A7}.Debug|x64.ActiveCfg = Debug|x64
		{8BC25F9B-7016-37CC-93ED-68280E82A9A7}.Debug|x64.Build.0 = Debug|x64
		{8BC25F9B-7016-37CC-93ED-68280E82A9A7}.Release|x64.ActiveCfg = Release|x64
		{8BC25F9B-7016-37CC-93ED-68280E82A9A7}.Release|x64.Build.0 = Release|x64
		{8BC25F9B-7016-37CC-93ED-68280E82A9A7}.MinSizeRel|x64.ActiveCfg = MinSizeRel|x64
		{8BC25F9B-7016-37CC-93ED-68280E82A9A7}.MinSizeRel|x64.Build.0 = MinSizeRel|x64
		{8BC25F9B-7016-37CC-93ED-68280E82A9A7}.RelWithDebInfo|x64.ActiveCfg = RelWithDebInfo|x64
		{8BC25F9B-7016-37CC-93ED-68280E82A9A7}.RelWithDebInfo|x64.Build.0 = RelWithDebInfo|x64
		{D01F91B0-40BC-37A4-903E-A0463779F664}.Debug|x64.ActiveCfg = Debug|x64
		{D01F91B0-40BC-37A4-903E-A0463779F664}.Debug|x64.Build.0 = Debug|x64
		{D01F91B0-40BC-37A4-903E-A0463779F664}.Release|x64.ActiveCfg = Release|x64
		{D01F91B0-40BC-37A4-903E-A0463779F664}.Release|x64.Build.0 = Release|x64
		{D01F91B0-40BC-37A4-903E-A0463779F664}.MinSizeRel|x64.ActiveCfg = MinSizeRel|x64
		{D01F91B0-40BC-37A4-903E-A0463779F664}.MinSizeRel|x64.Build.0 = MinSizeRel|x64
		{D01F91B0-40BC-37A4-903E-A0463779F664}.RelWithDebInfo|x64.ActiveCfg = RelWithDebInfo|x64
		{D01F91B0-40BC-37A4-903E-A0463779F664}.RelWithDebInfo|x64.Build.0 = RelWithDebInfo|x64
		{4E17F6CE-040A-3FDD-978B-3D9124996B9E}.Debug|x64.ActiveCfg = Debug|x64
		{4E17F6CE-040A-3FDD-978B-3D9124996B9E}.Debug|x64.Build.0 = Debug|x64
		{4E17F6CE-040A-3FDD-978B-3D9124996B9E}.Release|x64.ActiveCfg = Release|x64
		{4E17F6CE-040A-3FDD-978B-3D9124996B9E}.Release|x64.Build.0 = Release|x64
		{4E17F6CE-040A-3FDD-978B-3D9124996B9E}.MinSizeRel|x64.ActiveCfg = MinSizeRel|x64
		{4E17F6CE-040A-3FDD-978B-3D9124996B9E}.MinSizeRel|x64.Build.0 = MinSizeRel|x64
		{4E17F6CE-040A-3FDD-978B-3D9124996B9E}.RelWithDebInfo|x64.ActiveCfg = RelWithDebInfo|x64
		{4E17F6CE-040A-3FDD-978B-3D9124996B9E}.RelWithDebInfo|x64.Build.0 = RelWithDebInfo|x64
		{4F085A26-C73D-3CA9-BF26-71E8F921D167}.Debug|x64.ActiveCfg = Debug|x64
		{4F085A26-C73D-3CA9-BF26-71E8F921D167}.Debug|x64.Build.0 = Debug|x64
		{4F085A26-C73D-3CA9-BF26-71E8F921D167}.Release|x64.ActiveCfg = Release|x64
		{4F085A26-C73D-3CA9-BF26-71E8F921D167}.Release|x64.Build.0 = Release|x64
		{4F085A26-C73D-3CA9-BF26-71E8F921D167}.MinSizeRel|x64.ActiveCfg = MinSizeRel|x64
		{4F085A26-C73D-3CA9-BF26-71E8F921D167}.MinSizeRel|x64.Build.0 = MinSizeRel|x64
		{4F085A26-C73D-3CA9-BF26-71E8F921D167}.RelWithDebInfo|x64.ActiveCfg = RelWithDebInfo|x64
		{4F085A26-C73D-3CA9-BF26-71E8F921D167}.RelWithDebInfo|x64.Build.0 = RelWithDebInfo|x64
		{50AC439D-EDBC-3D4D-9633-761890890BDC}.Debug|x64.ActiveCfg = Debug|x64
		{50AC439D-EDBC-3D4D-9633-761890890BDC}.Debug|x64.Build.0 = Debug|x64
		{50AC439D-EDBC-3D4D-9633-761890890BDC}.Release|x64.ActiveCfg = Release|x64
		{50AC439D-EDBC-3D4D-9633-761890890BDC}.Release|x64.Build.0 = Release|x64
		{50AC439D-EDBC-3D4D-9633-761890890BDC}.MinSizeRel|x64.ActiveCfg = MinSizeRel|x64
		{50AC439D-EDBC-3D4D-9633-761890890BDC}.MinSizeRel|x64.Build.0 = MinSizeRel|x64
		{50AC439D-EDBC-3D4D-9633-761890890BDC}.RelWithDebInfo|x64.ActiveCfg = RelWithDebInfo|x64
		{50AC439D-EDBC-3D4D-9633-761890890BDC}.RelWithDebInfo|x64.Build.0 = RelWithDebInfo|x64
		{88D91C79-1AA6-3DD5-A4EB-1A34D88E6CF8}.Debug|x64.ActiveCfg = Debug|x64
		{88D91C79-1AA6-3DD5-A4EB-1A34D88E6CF8}.Debug|x64.Build.0 = Debug|x64
		{88D91C79-1AA6-3DD5-A4EB-1A34D88E6CF8}.Release|x64.ActiveCfg = Release|x64
		{88D91C79-1AA6-3DD5-A4EB-1A34D88E6CF8}.Release|x64.Build.0 = Release|x64
		{88D91C79-1AA6-3DD5-A4EB-1A34D88E6CF8}.MinSizeRel|x64.ActiveCfg = MinSizeRel|x64
		{88D91C79-1AA6-3DD5-A4EB-1A34D88E6CF8}.MinSizeRel|x64.Build.0 = MinSizeRel|x64
		{88D91C79-1AA6-3DD5-A4EB-1A34D88E6CF8}.RelWithDebInfo|x64.ActiveCfg = RelWithDebInfo|x64
		{88D91C79-1AA6-3DD5-A4EB-1A34D88E6CF8}.RelWithDebInfo|x64.Build.0 = RelWithDebInfo|x64
		{6C47E112-9E2A-3307-8050-286D476B51E3}.Debug|x64.ActiveCfg = Debug|x64
		{6C47E112-9E2A-3307-8050-286D476B51E3}.Release|x64.ActiveCfg = Release|x64
		{6C47E112-9E2A-3307-8050-286D476B51E3}.MinSizeRel|x64.ActiveCfg = MinSizeRel|x64
		{6C47E112-9E2A-3307-8050-286D476B51E3}.RelWithDebInfo|x64.ActiveCfg = RelWithDebInfo|x64
		{65801728-E393-38D6-9D6A-74B7D8619257}.Debug|x64.ActiveCfg = Debug|x64
		{65801728-E393-38D6-9D6A-74B7D8619257}.Debug|x64.Build.0 = Debug|x64
		{65801728-E393-38D6-9D6A-74B7D8619257}.Release|x64.ActiveCfg = Release|x64
		{65801728-E393-38D6-9D6A-74B7D8619257}.Release|x64.Build.0 = Release|x64
		{65801728-E393-38D6-9D6A-74B7D8619257}.MinSizeRel|x64.ActiveCfg = MinSizeRel|x64
		{65801728-E393-38D6-9D6A-74B7D8619257}.MinSizeRel|x64.Build.0 = MinSizeRel|x64
		{65801728-E393-38D6-9D6A-74B7D8619257}.RelWithDebInfo|x64.ActiveCfg = RelWithDebInfo|x64
		{65801728-E393-38D6-9D6A-74B7D8619257}.RelWithDebInfo|x64.Build.0 = RelWithDebInfo|x64
		{13B895F1-18D7-39C9-9951-2CF0E28D1676}.Debug|x64.ActiveCfg = Debug|x64
		{13B895F1-18D7-39C9-9951-2CF0E28D1676}.Debug|x64.Build.0 = Debug|x64
		{13B895F1-18D7-39C9-9951-2CF0E28D1676}.Release|x64.ActiveCfg = Release|x64
		{13B895F1-18D7-39C9-9951-2CF0E28D1676}.Release|x64.Build.0 = Release|x64
		{13B895F1-18D7-39C9-9951-2CF0E28D1676}.MinSizeRel|x64.ActiveCfg = MinSizeRel|x64
		{13B895F1-18D7-39C9-9951-2CF0E28D1676}.MinSizeRel|x64.Build.0 = MinSizeRel|x64
		{13B895F1-18D7-39C9-9951-2CF0E28D1676}.RelWithDebInfo|x64.ActiveCfg = RelWithDebInfo|x64
		{13B895F1-18D7-39C9-9951-2CF0E28D1676}.RelWithDebInfo|x64.Build.0 = RelWithDebInfo|x64
		{986DF954-F8FE-33E8-A01F-A9A1413A25B5}.Debug|x64.ActiveCfg = Debug|x64
		{986DF954-F8FE-33E8-A01F-A9A1413A25B5}.Debug|x64.Build.0 = Debug|x64
		{986DF954-F8FE-33E8-A01F-A9A1413A25B5}.Release|x64.ActiveCfg = Release|x64
		{986DF954-F8FE-33E8-A01F-A9A1413A25B5}.Release|x64.Build.0 = Release|x64
		{986DF954-F8FE-33E8-A01F-A9A1413A25B5}.MinSizeRel|x64.ActiveCfg = MinSizeRel|x64
		{986DF954-F8FE-33E8-A01F-A9A1413A25B5}.MinSizeRel|x64.Build.0 = MinSizeRel|x64
		{986DF954-F8FE-33E8-A01F-A9A1413A25B5}.RelWithDebInfo|x64.ActiveCfg = RelWithDebInfo|x64
		{986DF954-F8FE-33E8-A01F-A9A1413A25B5}.RelWithDebInfo|x64.Build.0 = RelWithDebInfo|x64
	EndGlobalSection
	GlobalSection(NestedProjects) = preSolution
		{40649027-E788-36A8-A200-6B814D1D74AB} = {ED156735-2CA7-3A44-8CC4-DAD3E215A4A4}
		{6F6628A0-F900-3142-9FD2-9E4AD0130545} = {ED156735-2CA7-3A44-8CC4-DAD3E215A4A4}
		{F017BAD5-0E5B-35EB-8CE8-28CC84C5D3D9} = {ED156735-2CA7-3A44-8CC4-DAD3E215A4A4}
		{19B0CA8A-F560-36D7-98E9-CC85F87369B4} = {186B6EC5-B0D9-3780-8416-EF1E58C772B5}
		{9FE203C0-1B02-3B4A-AA51-A2E1EDEEEAEE} = {186B6EC5-B0D9-3780-8416-EF1E58C772B5}
		{408CE5E9-97D7-3B81-A8F7-6B05644E4F18} = {186B6EC5-B0D9-3780-8416-EF1E58C772B5}
		{1D8321AF-5C5F-3F0F-8C7A-CA1882AA9F8D} = {19B0CA8A-F560-36D7-98E9-CC85F87369B4}
		{BEC23E17-D887-3F62-8D4F-A6E88BD27EA2} = {19B0CA8A-F560-36D7-98E9-CC85F87369B4}
		{E306313E-1257-367A-9810-C18EA6564C75} = {19B0CA8A-F560-36D7-98E9-CC85F87369B4}
		{72C12E80-FAF8-3370-94E7-F29ABDB5320E} = {19B0CA8A-F560-36D7-98E9-CC85F87369B4}
		{8BC25F9B-7016-37CC-93ED-68280E82A9A7} = {19B0CA8A-F560-36D7-98E9-CC85F87369B4}
		{D01F91B0-40BC-37A4-903E-A0463779F664} = {19B0CA8A-F560-36D7-98E9-CC85F87369B4}
		{65801728-E393-38D6-9D6A-74B7D8619257} = {19B0CA8A-F560-36D7-98E9-CC85F87369B4}
		{34FEE6E1-6092-3C40-9C6B-417B89AEC902} = {9FE203C0-1B02-3B4A-AA51-A2E1EDEEEAEE}
		{E89580C9-5744-3BB7-9CA0-6B187ED6443A} = {9FE203C0-1B02-3B4A-AA51-A2E1EDEEEAEE}
		{59A37BAA-0F95-39DD-A31E-77AB7A559623} = {9FE203C0-1B02-3B4A-AA51-A2E1EDEEEAEE}
		{DCB4B7CF-83FB-3BE7-8F46-EA6533A59F10} = {9FE203C0-1B02-3B4A-AA51-A2E1EDEEEAEE}
		{1736D4B8-833A-3EBB-A2CF-23A1F37677DA} = {9FE203C0-1B02-3B4A-AA51-A2E1EDEEEAEE}
		{DF3DB73D-F0E1-32D5-9FD5-0753F570CFC9} = {9FE203C0-1B02-3B4A-AA51-A2E1EDEEEAEE}
		{F6F6618B-5A00-37CD-9D0B-196FECE4391C} = {9FE203C0-1B02-3B4A-AA51-A2E1EDEEEAEE}
		{33C54717-AA12-3679-8E75-80F31BB6F300} = {9FE203C0-1B02-3B4A-AA51-A2E1EDEEEAEE}
		{C8609D9D-3F2D-3E7A-8406-8644AAFF0915} = {9FE203C0-1B02-3B4A-AA51-A2E1EDEEEAEE}
		{93757173-DCB0-33A8-8F8A-F0075C52AA20} = {9FE203C0-1B02-3B4A-AA51-A2E1EDEEEAEE}
		{5262D5C2-42D3-3F92-A775-885876F4FC59} = {9FE203C0-1B02-3B4A-AA51-A2E1EDEEEAEE}
		{0BEC2AFE-8DED-3DCE-B36B-FF18AA58753F} = {9FE203C0-1B02-3B4A-AA51-A2E1EDEEEAEE}
		{4E17F6CE-040A-3FDD-978B-3D9124996B9E} = {9FE203C0-1B02-3B4A-AA51-A2E1EDEEEAEE}
		{4F085A26-C73D-3CA9-BF26-71E8F921D167} = {9FE203C0-1B02-3B4A-AA51-A2E1EDEEEAEE}
		{50AC439D-EDBC-3D4D-9633-761890890BDC} = {9FE203C0-1B02-3B4A-AA51-A2E1EDEEEAEE}
		{13B895F1-18D7-39C9-9951-2CF0E28D1676} = {9FE203C0-1B02-3B4A-AA51-A2E1EDEEEAEE}
	EndGlobalSection
	GlobalSection(ExtensibilityGlobals) = postSolution
		SolutionGuid = {7B11FC41-CB08-32CD-B7F9-DD87550D3E24}
	EndGlobalSection
	GlobalSection(ExtensibilityAddIns) = postSolution
	EndGlobalSection
EndGlobal
