<?xml version="1.0" encoding="utf-8"?>
<Project ToolsVersion="16.0" xmlns="http://schemas.microsoft.com/developer/msbuild/2003">
  <ItemGroup>
    <ClCompile Include="D:\P2\MinecraftPROTO\ogl-master\tutorial07_model_loading\tutorial07.cpp">
      <Filter>Source Files</Filter>
    </ClCompile>
    <ClCompile Include="D:\P2\MinecraftPROTO\ogl-master\common\shader.cpp">
      <Filter>common</Filter>
    </ClCompile>
    <ClCompile Include="D:\P2\MinecraftPROTO\ogl-master\common\controls.cpp">
      <Filter>common</Filter>
    </ClCompile>
    <ClCompile Include="D:\P2\MinecraftPROTO\ogl-master\common\texture.cpp">
      <Filter>common</Filter>
    </ClCompile>
    <ClCompile Include="D:\P2\MinecraftPROTO\ogl-master\common\objloader.cpp">
      <Filter>common</Filter>
    </ClCompile>
  </ItemGroup>
  <ItemGroup>
    <ClInclude Include="D:\P2\MinecraftPROTO\ogl-master\common\shader.hpp">
      <Filter>common</Filter>
    </ClInclude>
    <ClInclude Include="D:\P2\MinecraftPROTO\ogl-master\common\controls.hpp">
      <Filter>common</Filter>
    </ClInclude>
    <ClInclude Include="D:\P2\MinecraftPROTO\ogl-master\common\texture.hpp">
      <Filter>common</Filter>
    </ClInclude>
    <ClInclude Include="D:\P2\MinecraftPROTO\ogl-master\common\objloader.hpp">
      <Filter>common</Filter>
    </ClInclude>
  </ItemGroup>
  <ItemGroup>
    <CustomBuild Include="D:\P2\MinecraftPROTO\ogl-master\CMakeLists.txt" />
  </ItemGroup>
  <ItemGroup>
    <None Include="D:\P2\MinecraftPROTO\ogl-master\tutorial07_model_loading\TransformVertexShader.vertexshader">
      <Filter>shaders</Filter>
    </None>
    <None Include="D:\P2\MinecraftPROTO\ogl-master\tutorial07_model_loading\TextureFragmentShader.fragmentshader">
      <Filter>shaders</Filter>
    </None>
  </ItemGroup>
  <ItemGroup>
    <Filter Include="Source Files">
      <UniqueIdentifier>{78D130F0-4E07-3278-A592-20DC9C8A1715}</UniqueIdentifier>
    </Filter>
    <Filter Include="common">
      <UniqueIdentifier>{A04EF856-E324-3944-86B1-EDC7BFB770CB}</UniqueIdentifier>
    </Filter>
    <Filter Include="shaders">
      <UniqueIdentifier>{D7D8C192-2299-3F95-B67A-D1DB777F472C}</UniqueIdentifier>
    </Filter>
  </ItemGroup>
</Project>
