
Microsoft Visual Studio Solution File, Format Version 12.00
# Visual Studio Version 16
Project("{2150E333-8FDC-42A3-9474-1A3956D46DE8}") = "CMakePredefinedTargets", "CMakePredefinedTargets", "{B25E3B17-E62B-3B8C-A5FD-287F79EB3F8C}"
EndProject
Project("{2150E333-8FDC-42A3-9474-1A3956D46DE8}") = "GLFW3", "GLFW3", "{02EB90B3-3BC2-3B67-849A-D8DDA6F1FA12}"
EndProject
Project("{2150E333-8FDC-42A3-9474-1A3956D46DE8}") = "Examples", "GLFW3\Examples", "{B8AC59B3-836F-3187-8947-3940E4D7BA4E}"
EndProject
Project("{2150E333-8FDC-42A3-9474-1A3956D46DE8}") = "Tests", "GLFW3\Tests", "{0E7C34CF-1A0B-3851-B9CD-DE01E89FF296}"
EndProject
Project("{8BC9CEB8-8B4A-11D0-8D11-00A0C91BC942}") = "ALL_BUILD", "ALL_BUILD.vcxproj", "{B92404E3-F46D-393B-B4A5-2D8D2DB2210F}"
	ProjectSection(ProjectDependencies) = postProject
		{24795495-35C8-3B9C-B0E3-203A71746778} = {24795495-35C8-3B9C-B0E3-203A71746778}
		{EE3A2804-55F0-38F0-86FC-D1214377E555} = {EE3A2804-55F0-38F0-86FC-D1214377E555}
		{6F0FC459-2EE9-3336-BF85-DADE8068B903} = {6F0FC459-2EE9-3336-BF85-DADE8068B903}
		{A3E6710A-7296-3EEC-ADAA-44B1FF0FD6EE} = {A3E6710A-7296-3EEC-ADAA-44B1FF0FD6EE}
		{E20A7E0F-DCD2-3693-A0BC-7CA83256CFBF} = {E20A7E0F-DCD2-3693-A0BC-7CA83256CFBF}
		{AEFA447F-9C6C-3D50-960B-C8F6A4F0B8E4} = {AEFA447F-9C6C-3D50-960B-C8F6A4F0B8E4}
		{176C33A1-8BDC-399A-A968-E08CFFAECA51} = {176C33A1-8BDC-399A-A968-E08CFFAECA51}
		{5D84613D-C591-3C25-852B-260C9DEC97B7} = {5D84613D-C591-3C25-852B-260C9DEC97B7}
		{09F4DFD8-2ECD-3A59-BBE2-1E968AAED39F} = {09F4DFD8-2ECD-3A59-BBE2-1E968AAED39F}
		{7411F029-F901-3D5D-ABBA-AA16182A142E} = {7411F029-F901-3D5D-ABBA-AA16182A142E}
		{BAC605AB-0ECB-39B2-809E-1317D3B79836} = {BAC605AB-0ECB-39B2-809E-1317D3B79836}
		{92B74D47-F47B-31DD-A4B7-A3768D503F2C} = {92B74D47-F47B-31DD-A4B7-A3768D503F2C}
		{66455C4E-FB8D-395E-950C-A6EFE36B77FB} = {66455C4E-FB8D-395E-950C-A6EFE36B77FB}
		{E79145E9-4D26-3993-8568-FA2F7B9EB8EF} = {E79145E9-4D26-3993-8568-FA2F7B9EB8EF}
		{FBDAABF8-F1D6-331F-836F-7A109C0B2D79} = {FBDAABF8-F1D6-331F-836F-7A109C0B2D79}
		{6CF37EC7-B151-353A-8FCD-1627EE23AADA} = {6CF37EC7-B151-353A-8FCD-1627EE23AADA}
		{70C1353A-5905-3203-9DB0-F03A309BC286} = {70C1353A-5905-3203-9DB0-F03A309BC286}
		{4DC70948-843B-32A6-8E8F-799E07C70363} = {4DC70948-843B-32A6-8E8F-799E07C70363}
		{42EACFE1-6E2F-3005-ADFE-F8D96604D918} = {42EACFE1-6E2F-3005-ADFE-F8D96604D918}
		{37C41C82-3CE9-33F1-B7BA-41B9BC9E0D7A} = {37C41C82-3CE9-33F1-B7BA-41B9BC9E0D7A}
		{FD9F1436-8F4F-3A3D-AC33-939CE83418A0} = {FD9F1436-8F4F-3A3D-AC33-939CE83418A0}
		{DFFF0CEF-9700-3E9A-8D35-FCD2A7F5AA94} = {DFFF0CEF-9700-3E9A-8D35-FCD2A7F5AA94}
		{B9935E54-6099-3CE4-A791-DF115B9044A2} = {B9935E54-6099-3CE4-A791-DF115B9044A2}
		{0C3D1EC8-0772-3BC7-8861-9A3CD0D27452} = {0C3D1EC8-0772-3BC7-8861-9A3CD0D27452}
		{0A95DCEA-0137-348C-9AF0-08E6089DB08A} = {0A95DCEA-0137-348C-9AF0-08E6089DB08A}
		{00C03A80-7A11-3E5E-997B-376CB7CACE42} = {00C03A80-7A11-3E5E-997B-376CB7CACE42}
		{E08E9EC5-B18A-3C23-9C71-0CF80F8A3A3E} = {E08E9EC5-B18A-3C23-9C71-0CF80F8A3A3E}
		{F95A40E2-98F8-39B0-9A53-8844190DD3A2} = {F95A40E2-98F8-39B0-9A53-8844190DD3A2}
		{39697F45-499A-3C8A-A185-24530B284F52} = {39697F45-499A-3C8A-A185-24530B284F52}
		{A5A51ED5-3A37-325F-B906-E2661FF9742C} = {A5A51ED5-3A37-325F-B906-E2661FF9742C}
		{B624897C-871D-3BD1-9F83-1426CEB0A8F7} = {B624897C-871D-3BD1-9F83-1426CEB0A8F7}
		{2270DA9F-1F28-3986-BE81-7635AC85802B} = {2270DA9F-1F28-3986-BE81-7635AC85802B}
		{7A9CF1D6-D765-3639-A86F-BA75001E2052} = {7A9CF1D6-D765-3639-A86F-BA75001E2052}
	EndProjectSection
EndProject
Project("{8BC9CEB8-8B4A-11D0-8D11-00A0C91BC942}") = "ANTTWEAKBAR_116_OGLCORE_GLFW", "external\ANTTWEAKBAR_116_OGLCORE_GLFW.vcxproj", "{24795495-35C8-3B9C-B0E3-203A71746778}"
	ProjectSection(ProjectDependencies) = postProject
	EndProjectSection
EndProject
Project("{8BC9CEB8-8B4A-11D0-8D11-00A0C91BC942}") = "BulletCollision", "external\bullet-2.81-rev2613\src\BulletCollision\BulletCollision.vcxproj", "{EE3A2804-55F0-38F0-86FC-D1214377E555}"
	ProjectSection(ProjectDependencies) = postProject
	EndProjectSection
EndProject
Project("{8BC9CEB8-8B4A-11D0-8D11-00A0C91BC942}") = "BulletDynamics", "external\bullet-2.81-rev2613\src\BulletDynamics\BulletDynamics.vcxproj", "{6F0FC459-2EE9-3336-BF85-DADE8068B903}"
	ProjectSection(ProjectDependencies) = postProject
	EndProjectSection
EndProject
Project("{8BC9CEB8-8B4A-11D0-8D11-00A0C91BC942}") = "BulletSoftBody", "external\bullet-2.81-rev2613\src\BulletSoftBody\BulletSoftBody.vcxproj", "{A3E6710A-7296-3EEC-ADAA-44B1FF0FD6EE}"
	ProjectSection(ProjectDependencies) = postProject
	EndProjectSection
EndProject
Project("{8BC9CEB8-8B4A-11D0-8D11-00A0C91BC942}") = "GLEW_1130", "external\GLEW_1130.vcxproj", "{E20A7E0F-DCD2-3693-A0BC-7CA83256CFBF}"
	ProjectSection(ProjectDependencies) = postProject
	EndProjectSection
EndProject
Project("{8BC9CEB8-8B4A-11D0-8D11-00A0C91BC942}") = "INSTALL", "INSTALL.vcxproj", "{45F87CD8-4B4A-3936-8F23-938181BB38B5}"
	ProjectSection(ProjectDependencies) = postProject
		{B92404E3-F46D-393B-B4A5-2D8D2DB2210F} = {B92404E3-F46D-393B-B4A5-2D8D2DB2210F}
	EndProjectSection
EndProject
Project("{8BC9CEB8-8B4A-11D0-8D11-00A0C91BC942}") = "LinearMath", "external\bullet-2.81-rev2613\src\LinearMath\LinearMath.vcxproj", "{AEFA447F-9C6C-3D50-960B-C8F6A4F0B8E4}"
	ProjectSection(ProjectDependencies) = postProject
	EndProjectSection
EndProject
Project("{8BC9CEB8-8B4A-11D0-8D11-00A0C91BC942}") = "assimp", "external\assimp-3.0.1270\code\assimp.vcxproj", "{176C33A1-8BDC-399A-A968-E08CFFAECA51}"
	ProjectSection(ProjectDependencies) = postProject
		{7A9CF1D6-D765-3639-A86F-BA75001E2052} = {7A9CF1D6-D765-3639-A86F-BA75001E2052}
	EndProjectSection
EndProject
Project("{8BC9CEB8-8B4A-11D0-8D11-00A0C91BC942}") = "boing", "external\glfw-3.1.2\examples\boing.vcxproj", "{5D84613D-C591-3C25-852B-260C9DEC97B7}"
	ProjectSection(ProjectDependencies) = postProject
		{FBDAABF8-F1D6-331F-836F-7A109C0B2D79} = {FBDAABF8-F1D6-331F-836F-7A109C0B2D79}
	EndProjectSection
EndProject
Project("{8BC9CEB8-8B4A-11D0-8D11-00A0C91BC942}") = "clipboard", "external\glfw-3.1.2\tests\clipboard.vcxproj", "{09F4DFD8-2ECD-3A59-BBE2-1E968AAED39F}"
	ProjectSection(ProjectDependencies) = postProject
		{FBDAABF8-F1D6-331F-836F-7A109C0B2D79} = {FBDAABF8-F1D6-331F-836F-7A109C0B2D79}
	EndProjectSection
EndProject
Project("{8BC9CEB8-8B4A-11D0-8D11-00A0C91BC942}") = "cursor", "external\glfw-3.1.2\tests\cursor.vcxproj", "{7411F029-F901-3D5D-ABBA-AA16182A142E}"
	ProjectSection(ProjectDependencies) = postProject
		{FBDAABF8-F1D6-331F-836F-7A109C0B2D79} = {FBDAABF8-F1D6-331F-836F-7A109C0B2D79}
	EndProjectSection
EndProject
Project("{8BC9CEB8-8B4A-11D0-8D11-00A0C91BC942}") = "empty", "external\glfw-3.1.2\tests\empty.vcxproj", "{BAC605AB-0ECB-39B2-809E-1317D3B79836}"
	ProjectSection(ProjectDependencies) = postProject
		{FBDAABF8-F1D6-331F-836F-7A109C0B2D79} = {FBDAABF8-F1D6-331F-836F-7A109C0B2D79}
	EndProjectSection
EndProject
Project("{8BC9CEB8-8B4A-11D0-8D11-00A0C91BC942}") = "events", "external\glfw-3.1.2\tests\events.vcxproj", "{92B74D47-F47B-31DD-A4B7-A3768D503F2C}"
	ProjectSection(ProjectDependencies) = postProject
		{FBDAABF8-F1D6-331F-836F-7A109C0B2D79} = {FBDAABF8-F1D6-331F-836F-7A109C0B2D79}
	EndProjectSection
EndProject
Project("{8BC9CEB8-8B4A-11D0-8D11-00A0C91BC942}") = "gamma", "external\glfw-3.1.2\tests\gamma.vcxproj", "{66455C4E-FB8D-395E-950C-A6EFE36B77FB}"
	ProjectSection(ProjectDependencies) = postProject
		{FBDAABF8-F1D6-331F-836F-7A109C0B2D79} = {FBDAABF8-F1D6-331F-836F-7A109C0B2D79}
	EndProjectSection
EndProject
Project("{8BC9CEB8-8B4A-11D0-8D11-00A0C91BC942}") = "gears", "external\glfw-3.1.2\examples\gears.vcxproj", "{E79145E9-4D26-3993-8568-FA2F7B9EB8EF}"
	ProjectSection(ProjectDependencies) = postProject
		{FBDAABF8-F1D6-331F-836F-7A109C0B2D79} = {FBDAABF8-F1D6-331F-836F-7A109C0B2D79}
	EndProjectSection
EndProject
Project("{8BC9CEB8-8B4A-11D0-8D11-00A0C91BC942}") = "glfw", "external\glfw-3.1.2\src\glfw.vcxproj", "{FBDAABF8-F1D6-331F-836F-7A109C0B2D79}"
	ProjectSection(ProjectDependencies) = postProject
	EndProjectSection
EndProject
Project("{8BC9CEB8-8B4A-11D0-8D11-00A0C91BC942}") = "glfwinfo", "external\glfw-3.1.2\tests\glfwinfo.vcxproj", "{6CF37EC7-B151-353A-8FCD-1627EE23AADA}"
	ProjectSection(ProjectDependencies) = postProject
		{FBDAABF8-F1D6-331F-836F-7A109C0B2D79} = {FBDAABF8-F1D6-331F-836F-7A109C0B2D79}
	EndProjectSection
EndProject
Project("{8BC9CEB8-8B4A-11D0-8D11-00A0C91BC942}") = "heightmap", "external\glfw-3.1.2\examples\heightmap.vcxproj", "{70C1353A-5905-3203-9DB0-F03A309BC286}"
	ProjectSection(ProjectDependencies) = postProject
		{FBDAABF8-F1D6-331F-836F-7A109C0B2D79} = {FBDAABF8-F1D6-331F-836F-7A109C0B2D79}
	EndProjectSection
EndProject
Project("{8BC9CEB8-8B4A-11D0-8D11-00A0C91BC942}") = "iconify", "external\glfw-3.1.2\tests\iconify.vcxproj", "{4DC70948-843B-32A6-8E8F-799E07C70363}"
	ProjectSection(ProjectDependencies) = postProject
		{FBDAABF8-F1D6-331F-836F-7A109C0B2D79} = {FBDAABF8-F1D6-331F-836F-7A109C0B2D79}
	EndProjectSection
EndProject
Project("{8BC9CEB8-8B4A-11D0-8D11-00A0C91BC942}") = "joysticks", "external\glfw-3.1.2\tests\joysticks.vcxproj", "{42EACFE1-6E2F-3005-ADFE-F8D96604D918}"
	ProjectSection(ProjectDependencies) = postProject
		{FBDAABF8-F1D6-331F-836F-7A109C0B2D79} = {FBDAABF8-F1D6-331F-836F-7A109C0B2D79}
	EndProjectSection
EndProject
Project("{8BC9CEB8-8B4A-11D0-8D11-00A0C91BC942}") = "monitors", "external\glfw-3.1.2\tests\monitors.vcxproj", "{37C41C82-3CE9-33F1-B7BA-41B9BC9E0D7A}"
	ProjectSection(ProjectDependencies) = postProject
		{FBDAABF8-F1D6-331F-836F-7A109C0B2D79} = {FBDAABF8-F1D6-331F-836F-7A109C0B2D79}
	EndProjectSection
EndProject
Project("{8BC9CEB8-8B4A-11D0-8D11-00A0C91BC942}") = "msaa", "external\glfw-3.1.2\tests\msaa.vcxproj", "{FD9F1436-8F4F-3A3D-AC33-939CE83418A0}"
	ProjectSection(ProjectDependencies) = postProject
		{FBDAABF8-F1D6-331F-836F-7A109C0B2D79} = {FBDAABF8-F1D6-331F-836F-7A109C0B2D79}
	EndProjectSection
EndProject
Project("{8BC9CEB8-8B4A-11D0-8D11-00A0C91BC942}") = "particles", "external\glfw-3.1.2\examples\particles.vcxproj", "{DFFF0CEF-9700-3E9A-8D35-FCD2A7F5AA94}"
	ProjectSection(ProjectDependencies) = postProject
		{FBDAABF8-F1D6-331F-836F-7A109C0B2D79} = {FBDAABF8-F1D6-331F-836F-7A109C0B2D79}
	EndProjectSection
EndProject
Project("{8BC9CEB8-8B4A-11D0-8D11-00A0C91BC942}") = "reopen", "external\glfw-3.1.2\tests\reopen.vcxproj", "{B9935E54-6099-3CE4-A791-DF115B9044A2}"
	ProjectSection(ProjectDependencies) = postProject
		{FBDAABF8-F1D6-331F-836F-7A109C0B2D79} = {FBDAABF8-F1D6-331F-836F-7A109C0B2D79}
	EndProjectSection
EndProject
Project("{8BC9CEB8-8B4A-11D0-8D11-00A0C91BC942}") = "sharing", "external\glfw-3.1.2\tests\sharing.vcxproj", "{0C3D1EC8-0772-3BC7-8861-9A3CD0D27452}"
	ProjectSection(ProjectDependencies) = postProject
		{FBDAABF8-F1D6-331F-836F-7A109C0B2D79} = {FBDAABF8-F1D6-331F-836F-7A109C0B2D79}
	EndProjectSection
EndProject
Project("{8BC9CEB8-8B4A-11D0-8D11-00A0C91BC942}") = "simple", "external\glfw-3.1.2\examples\simple.vcxproj", "{0A95DCEA-0137-348C-9AF0-08E6089DB08A}"
	ProjectSection(ProjectDependencies) = postProject
		{FBDAABF8-F1D6-331F-836F-7A109C0B2D79} = {FBDAABF8-F1D6-331F-836F-7A109C0B2D79}
	EndProjectSection
EndProject
Project("{8BC9CEB8-8B4A-11D0-8D11-00A0C91BC942}") = "splitview", "external\glfw-3.1.2\examples\splitview.vcxproj", "{00C03A80-7A11-3E5E-997B-376CB7CACE42}"
	ProjectSection(ProjectDependencies) = postProject
		{FBDAABF8-F1D6-331F-836F-7A109C0B2D79} = {FBDAABF8-F1D6-331F-836F-7A109C0B2D79}
	EndProjectSection
EndProject
Project("{8BC9CEB8-8B4A-11D0-8D11-00A0C91BC942}") = "tearing", "external\glfw-3.1.2\tests\tearing.vcxproj", "{E08E9EC5-B18A-3C23-9C71-0CF80F8A3A3E}"
	ProjectSection(ProjectDependencies) = postProject
		{FBDAABF8-F1D6-331F-836F-7A109C0B2D79} = {FBDAABF8-F1D6-331F-836F-7A109C0B2D79}
	EndProjectSection
EndProject
Project("{8BC9CEB8-8B4A-11D0-8D11-00A0C91BC942}") = "threads", "external\glfw-3.1.2\tests\threads.vcxproj", "{F95A40E2-98F8-39B0-9A53-8844190DD3A2}"
	ProjectSection(ProjectDependencies) = postProject
		{FBDAABF8-F1D6-331F-836F-7A109C0B2D79} = {FBDAABF8-F1D6-331F-836F-7A109C0B2D79}
	EndProjectSection
EndProject
Project("{8BC9CEB8-8B4A-11D0-8D11-00A0C91BC942}") = "title", "external\glfw-3.1.2\tests\title.vcxproj", "{39697F45-499A-3C8A-A185-24530B284F52}"
	ProjectSection(ProjectDependencies) = postProject
		{FBDAABF8-F1D6-331F-836F-7A109C0B2D79} = {FBDAABF8-F1D6-331F-836F-7A109C0B2D79}
	EndProjectSection
EndProject
Project("{8BC9CEB8-8B4A-11D0-8D11-00A0C91BC942}") = "tutorial07_model_loading", "tutorial07_model_loading.vcxproj", "{A5A51ED5-3A37-325F-B906-E2661FF9742C}"
	ProjectSection(ProjectDependencies) = postProject
		{E20A7E0F-DCD2-3693-A0BC-7CA83256CFBF} = {E20A7E0F-DCD2-3693-A0BC-7CA83256CFBF}
		{FBDAABF8-F1D6-331F-836F-7A109C0B2D79} = {FBDAABF8-F1D6-331F-836F-7A109C0B2D79}
	EndProjectSection
EndProject
Project("{8BC9CEB8-8B4A-11D0-8D11-00A0C91BC942}") = "uninstall", "external\glfw-3.1.2\uninstall.vcxproj", "{84AD9DE6-3554-3BC6-9680-E659103E9580}"
	ProjectSection(ProjectDependencies) = postProject
	EndProjectSection
EndProject
Project("{8BC9CEB8-8B4A-11D0-8D11-00A0C91BC942}") = "wave", "external\glfw-3.1.2\examples\wave.vcxproj", "{B624897C-871D-3BD1-9F83-1426CEB0A8F7}"
	ProjectSection(ProjectDependencies) = postProject
		{FBDAABF8-F1D6-331F-836F-7A109C0B2D79} = {FBDAABF8-F1D6-331F-836F-7A109C0B2D79}
	EndProjectSection
EndProject
Project("{8BC9CEB8-8B4A-11D0-8D11-00A0C91BC942}") = "windows", "external\glfw-3.1.2\tests\windows.vcxproj", "{2270DA9F-1F28-3986-BE81-7635AC85802B}"
	ProjectSection(ProjectDependencies) = postProject
		{FBDAABF8-F1D6-331F-836F-7A109C0B2D79} = {FBDAABF8-F1D6-331F-836F-7A109C0B2D79}
	EndProjectSection
EndProject
Project("{8BC9CEB8-8B4A-11D0-8D11-00A0C91BC942}") = "zlib", "external\assimp-3.0.1270\contrib\zlib\zlib.vcxproj", "{7A9CF1D6-D765-3639-A86F-BA75001E2052}"
	ProjectSection(ProjectDependencies) = postProject
	EndProjectSection
EndProject
Global
	GlobalSection(SolutionConfigurationPlatforms) = preSolution
		Debug|x64 = Debug|x64
		Release|x64 = Release|x64
		MinSizeRel|x64 = MinSizeRel|x64
		RelWithDebInfo|x64 = RelWithDebInfo|x64
	EndGlobalSection
	GlobalSection(ProjectConfigurationPlatforms) = postSolution
		{B92404E3-F46D-393B-B4A5-2D8D2DB2210F}.Debug|x64.ActiveCfg = Debug|x64
		{B92404E3-F46D-393B-B4A5-2D8D2DB2210F}.Debug|x64.Build.0 = Debug|x64
		{B92404E3-F46D-393B-B4A5-2D8D2DB2210F}.Release|x64.ActiveCfg = Release|x64
		{B92404E3-F46D-393B-B4A5-2D8D2DB2210F}.Release|x64.Build.0 = Release|x64
		{B92404E3-F46D-393B-B4A5-2D8D2DB2210F}.MinSizeRel|x64.ActiveCfg = MinSizeRel|x64
		{B92404E3-F46D-393B-B4A5-2D8D2DB2210F}.MinSizeRel|x64.Build.0 = MinSizeRel|x64
		{B92404E3-F46D-393B-B4A5-2D8D2DB2210F}.RelWithDebInfo|x64.ActiveCfg = RelWithDebInfo|x64
		{B92404E3-F46D-393B-B4A5-2D8D2DB2210F}.RelWithDebInfo|x64.Build.0 = RelWithDebInfo|x64
		{24795495-35C8-3B9C-B0E3-203A71746778}.Debug|x64.ActiveCfg = Debug|x64
		{24795495-35C8-3B9C-B0E3-203A71746778}.Debug|x64.Build.0 = Debug|x64
		{24795495-35C8-3B9C-B0E3-203A71746778}.Release|x64.ActiveCfg = Release|x64
		{24795495-35C8-3B9C-B0E3-203A71746778}.Release|x64.Build.0 = Release|x64
		{24795495-35C8-3B9C-B0E3-203A71746778}.MinSizeRel|x64.ActiveCfg = MinSizeRel|x64
		{24795495-35C8-3B9C-B0E3-203A71746778}.MinSizeRel|x64.Build.0 = MinSizeRel|x64
		{24795495-35C8-3B9C-B0E3-203A71746778}.RelWithDebInfo|x64.ActiveCfg = RelWithDebInfo|x64
		{24795495-35C8-3B9C-B0E3-203A71746778}.RelWithDebInfo|x64.Build.0 = RelWithDebInfo|x64
		{EE3A2804-55F0-38F0-86FC-D1214377E555}.Debug|x64.ActiveCfg = Debug|x64
		{EE3A2804-55F0-38F0-86FC-D1214377E555}.Debug|x64.Build.0 = Debug|x64
		{EE3A2804-55F0-38F0-86FC-D1214377E555}.Release|x64.ActiveCfg = Release|x64
		{EE3A2804-55F0-38F0-86FC-D1214377E555}.Release|x64.Build.0 = Release|x64
		{EE3A2804-55F0-38F0-86FC-D1214377E555}.MinSizeRel|x64.ActiveCfg = MinSizeRel|x64
		{EE3A2804-55F0-38F0-86FC-D1214377E555}.MinSizeRel|x64.Build.0 = MinSizeRel|x64
		{EE3A2804-55F0-38F0-86FC-D1214377E555}.RelWithDebInfo|x64.ActiveCfg = RelWithDebInfo|x64
		{EE3A2804-55F0-38F0-86FC-D1214377E555}.RelWithDebInfo|x64.Build.0 = RelWithDebInfo|x64
		{6F0FC459-2EE9-3336-BF85-DADE8068B903}.Debug|x64.ActiveCfg = Debug|x64
		{6F0FC459-2EE9-3336-BF85-DADE8068B903}.Debug|x64.Build.0 = Debug|x64
		{6F0FC459-2EE9-3336-BF85-DADE8068B903}.Release|x64.ActiveCfg = Release|x64
		{6F0FC459-2EE9-3336-BF85-DADE8068B903}.Release|x64.Build.0 = Release|x64
		{6F0FC459-2EE9-3336-BF85-DADE8068B903}.MinSizeRel|x64.ActiveCfg = MinSizeRel|x64
		{6F0FC459-2EE9-3336-BF85-DADE8068B903}.MinSizeRel|x64.Build.0 = MinSizeRel|x64
		{6F0FC459-2EE9-3336-BF85-DADE8068B903}.RelWithDebInfo|x64.ActiveCfg = RelWithDebInfo|x64
		{6F0FC459-2EE9-3336-BF85-DADE8068B903}.RelWithDebInfo|x64.Build.0 = RelWithDebInfo|x64
		{A3E6710A-7296-3EEC-ADAA-44B1FF0FD6EE}.Debug|x64.ActiveCfg = Debug|x64
		{A3E6710A-7296-3EEC-ADAA-44B1FF0FD6EE}.Debug|x64.Build.0 = Debug|x64
		{A3E6710A-7296-3EEC-ADAA-44B1FF0FD6EE}.Release|x64.ActiveCfg = Release|x64
		{A3E6710A-7296-3EEC-ADAA-44B1FF0FD6EE}.Release|x64.Build.0 = Release|x64
		{A3E6710A-7296-3EEC-ADAA-44B1FF0FD6EE}.MinSizeRel|x64.ActiveCfg = MinSizeRel|x64
		{A3E6710A-7296-3EEC-ADAA-44B1FF0FD6EE}.MinSizeRel|x64.Build.0 = MinSizeRel|x64
		{A3E6710A-7296-3EEC-ADAA-44B1FF0FD6EE}.RelWithDebInfo|x64.ActiveCfg = RelWithDebInfo|x64
		{A3E6710A-7296-3EEC-ADAA-44B1FF0FD6EE}.RelWithDebInfo|x64.Build.0 = RelWithDebInfo|x64
		{E20A7E0F-DCD2-3693-A0BC-7CA83256CFBF}.Debug|x64.ActiveCfg = Debug|x64
		{E20A7E0F-DCD2-3693-A0BC-7CA83256CFBF}.Debug|x64.Build.0 = Debug|x64
		{E20A7E0F-DCD2-3693-A0BC-7CA83256CFBF}.Release|x64.ActiveCfg = Release|x64
		{E20A7E0F-DCD2-3693-A0BC-7CA83256CFBF}.Release|x64.Build.0 = Release|x64
		{E20A7E0F-DCD2-3693-A0BC-7CA83256CFBF}.MinSizeRel|x64.ActiveCfg = MinSizeRel|x64
		{E20A7E0F-DCD2-3693-A0BC-7CA83256CFBF}.MinSizeRel|x64.Build.0 = MinSizeRel|x64
		{E20A7E0F-DCD2-3693-A0BC-7CA83256CFBF}.RelWithDebInfo|x64.ActiveCfg = RelWithDebInfo|x64
		{E20A7E0F-DCD2-3693-A0BC-7CA83256CFBF}.RelWithDebInfo|x64.Build.0 = RelWithDebInfo|x64
		{45F87CD8-4B4A-3936-8F23-938181BB38B5}.Debug|x64.ActiveCfg = Debug|x64
		{45F87CD8-4B4A-3936-8F23-938181BB38B5}.Release|x64.ActiveCfg = Release|x64
		{45F87CD8-4B4A-3936-8F23-938181BB38B5}.MinSizeRel|x64.ActiveCfg = MinSizeRel|x64
		{45F87CD8-4B4A-3936-8F23-938181BB38B5}.RelWithDebInfo|x64.ActiveCfg = RelWithDebInfo|x64
		{AEFA447F-9C6C-3D50-960B-C8F6A4F0B8E4}.Debug|x64.ActiveCfg = Debug|x64
		{AEFA447F-9C6C-3D50-960B-C8F6A4F0B8E4}.Debug|x64.Build.0 = Debug|x64
		{AEFA447F-9C6C-3D50-960B-C8F6A4F0B8E4}.Release|x64.ActiveCfg = Release|x64
		{AEFA447F-9C6C-3D50-960B-C8F6A4F0B8E4}.Release|x64.Build.0 = Release|x64
		{AEFA447F-9C6C-3D50-960B-C8F6A4F0B8E4}.MinSizeRel|x64.ActiveCfg = MinSizeRel|x64
		{AEFA447F-9C6C-3D50-960B-C8F6A4F0B8E4}.MinSizeRel|x64.Build.0 = MinSizeRel|x64
		{AEFA447F-9C6C-3D50-960B-C8F6A4F0B8E4}.RelWithDebInfo|x64.ActiveCfg = RelWithDebInfo|x64
		{AEFA447F-9C6C-3D50-960B-C8F6A4F0B8E4}.RelWithDebInfo|x64.Build.0 = RelWithDebInfo|x64
		{176C33A1-8BDC-399A-A968-E08CFFAECA51}.Debug|x64.ActiveCfg = Debug|x64
		{176C33A1-8BDC-399A-A968-E08CFFAECA51}.Debug|x64.Build.0 = Debug|x64
		{176C33A1-8BDC-399A-A968-E08CFFAECA51}.Release|x64.ActiveCfg = Release|x64
		{176C33A1-8BDC-399A-A968-E08CFFAECA51}.Release|x64.Build.0 = Release|x64
		{176C33A1-8BDC-399A-A968-E08CFFAECA51}.MinSizeRel|x64.ActiveCfg = MinSizeRel|x64
		{176C33A1-8BDC-399A-A968-E08CFFAECA51}.MinSizeRel|x64.Build.0 = MinSizeRel|x64
		{176C33A1-8BDC-399A-A968-E08CFFAECA51}.RelWithDebInfo|x64.ActiveCfg = RelWithDebInfo|x64
		{176C33A1-8BDC-399A-A968-E08CFFAECA51}.RelWithDebInfo|x64.Build.0 = RelWithDebInfo|x64
		{5D84613D-C591-3C25-852B-260C9DEC97B7}.Debug|x64.ActiveCfg = Debug|x64
		{5D84613D-C591-3C25-852B-260C9DEC97B7}.Debug|x64.Build.0 = Debug|x64
		{5D84613D-C591-3C25-852B-260C9DEC97B7}.Release|x64.ActiveCfg = Release|x64
		{5D84613D-C591-3C25-852B-260C9DEC97B7}.Release|x64.Build.0 = Release|x64
		{5D84613D-C591-3C25-852B-260C9DEC97B7}.MinSizeRel|x64.ActiveCfg = MinSizeRel|x64
		{5D84613D-C591-3C25-852B-260C9DEC97B7}.MinSizeRel|x64.Build.0 = MinSizeRel|x64
		{5D84613D-C591-3C25-852B-260C9DEC97B7}.RelWithDebInfo|x64.ActiveCfg = RelWithDebInfo|x64
		{5D84613D-C591-3C25-852B-260C9DEC97B7}.RelWithDebInfo|x64.Build.0 = RelWithDebInfo|x64
		{09F4DFD8-2ECD-3A59-BBE2-1E968AAED39F}.Debug|x64.ActiveCfg = Debug|x64
		{09F4DFD8-2ECD-3A59-BBE2-1E968AAED39F}.Debug|x64.Build.0 = Debug|x64
		{09F4DFD8-2ECD-3A59-BBE2-1E968AAED39F}.Release|x64.ActiveCfg = Release|x64
		{09F4DFD8-2ECD-3A59-BBE2-1E968AAED39F}.Release|x64.Build.0 = Release|x64
		{09F4DFD8-2ECD-3A59-BBE2-1E968AAED39F}.MinSizeRel|x64.ActiveCfg = MinSizeRel|x64
		{09F4DFD8-2ECD-3A59-BBE2-1E968AAED39F}.MinSizeRel|x64.Build.0 = MinSizeRel|x64
		{09F4DFD8-2ECD-3A59-BBE2-1E968AAED39F}.RelWithDebInfo|x64.ActiveCfg = RelWithDebInfo|x64
		{09F4DFD8-2ECD-3A59-BBE2-1E968AAED39F}.RelWithDebInfo|x64.Build.0 = RelWithDebInfo|x64
		{7411F029-F901-3D5D-ABBA-AA16182A142E}.Debug|x64.ActiveCfg = Debug|x64
		{7411F029-F901-3D5D-ABBA-AA16182A142E}.Debug|x64.Build.0 = Debug|x64
		{7411F029-F901-3D5D-ABBA-AA16182A142E}.Release|x64.ActiveCfg = Release|x64
		{7411F029-F901-3D5D-ABBA-AA16182A142E}.Release|x64.Build.0 = Release|x64
		{7411F029-F901-3D5D-ABBA-AA16182A142E}.MinSizeRel|x64.ActiveCfg = MinSizeRel|x64
		{7411F029-F901-3D5D-ABBA-AA16182A142E}.MinSizeRel|x64.Build.0 = MinSizeRel|x64
		{7411F029-F901-3D5D-ABBA-AA16182A142E}.RelWithDebInfo|x64.ActiveCfg = RelWithDebInfo|x64
		{7411F029-F901-3D5D-ABBA-AA16182A142E}.RelWithDebInfo|x64.Build.0 = RelWithDebInfo|x64
		{BAC605AB-0ECB-39B2-809E-1317D3B79836}.Debug|x64.ActiveCfg = Debug|x64
		{BAC605AB-0ECB-39B2-809E-1317D3B79836}.Debug|x64.Build.0 = Debug|x64
		{BAC605AB-0ECB-39B2-809E-1317D3B79836}.Release|x64.ActiveCfg = Release|x64
		{BAC605AB-0ECB-39B2-809E-1317D3B79836}.Release|x64.Build.0 = Release|x64
		{BAC605AB-0ECB-39B2-809E-1317D3B79836}.MinSizeRel|x64.ActiveCfg = MinSizeRel|x64
		{BAC605AB-0ECB-39B2-809E-1317D3B79836}.MinSizeRel|x64.Build.0 = MinSizeRel|x64
		{BAC605AB-0ECB-39B2-809E-1317D3B79836}.RelWithDebInfo|x64.ActiveCfg = RelWithDebInfo|x64
		{BAC605AB-0ECB-39B2-809E-1317D3B79836}.RelWithDebInfo|x64.Build.0 = RelWithDebInfo|x64
		{92B74D47-F47B-31DD-A4B7-A3768D503F2C}.Debug|x64.ActiveCfg = Debug|x64
		{92B74D47-F47B-31DD-A4B7-A3768D503F2C}.Debug|x64.Build.0 = Debug|x64
		{92B74D47-F47B-31DD-A4B7-A3768D503F2C}.Release|x64.ActiveCfg = Release|x64
		{92B74D47-F47B-31DD-A4B7-A3768D503F2C}.Release|x64.Build.0 = Release|x64
		{92B74D47-F47B-31DD-A4B7-A3768D503F2C}.MinSizeRel|x64.ActiveCfg = MinSizeRel|x64
		{92B74D47-F47B-31DD-A4B7-A3768D503F2C}.MinSizeRel|x64.Build.0 = MinSizeRel|x64
		{92B74D47-F47B-31DD-A4B7-A3768D503F2C}.RelWithDebInfo|x64.ActiveCfg = RelWithDebInfo|x64
		{92B74D47-F47B-31DD-A4B7-A3768D503F2C}.RelWithDebInfo|x64.Build.0 = RelWithDebInfo|x64
		{66455C4E-FB8D-395E-950C-A6EFE36B77FB}.Debug|x64.ActiveCfg = Debug|x64
		{66455C4E-FB8D-395E-950C-A6EFE36B77FB}.Debug|x64.Build.0 = Debug|x64
		{66455C4E-FB8D-395E-950C-A6EFE36B77FB}.Release|x64.ActiveCfg = Release|x64
		{66455C4E-FB8D-395E-950C-A6EFE36B77FB}.Release|x64.Build.0 = Release|x64
		{66455C4E-FB8D-395E-950C-A6EFE36B77FB}.MinSizeRel|x64.ActiveCfg = MinSizeRel|x64
		{66455C4E-FB8D-395E-950C-A6EFE36B77FB}.MinSizeRel|x64.Build.0 = MinSizeRel|x64
		{66455C4E-FB8D-395E-950C-A6EFE36B77FB}.RelWithDebInfo|x64.ActiveCfg = RelWithDebInfo|x64
		{66455C4E-FB8D-395E-950C-A6EFE36B77FB}.RelWithDebInfo|x64.Build.0 = RelWithDebInfo|x64
		{E79145E9-4D26-3993-8568-FA2F7B9EB8EF}.Debug|x64.ActiveCfg = Debug|x64
		{E79145E9-4D26-3993-8568-FA2F7B9EB8EF}.Debug|x64.Build.0 = Debug|x64
		{E79145E9-4D26-3993-8568-FA2F7B9EB8EF}.Release|x64.ActiveCfg = Release|x64
		{E79145E9-4D26-3993-8568-FA2F7B9EB8EF}.Release|x64.Build.0 = Release|x64
		{E79145E9-4D26-3993-8568-FA2F7B9EB8EF}.MinSizeRel|x64.ActiveCfg = MinSizeRel|x64
		{E79145E9-4D26-3993-8568-FA2F7B9EB8EF}.MinSizeRel|x64.Build.0 = MinSizeRel|x64
		{E79145E9-4D26-3993-8568-FA2F7B9EB8EF}.RelWithDebInfo|x64.ActiveCfg = RelWithDebInfo|x64
		{E79145E9-4D26-3993-8568-FA2F7B9EB8EF}.RelWithDebInfo|x64.Build.0 = RelWithDebInfo|x64
		{FBDAABF8-F1D6-331F-836F-7A109C0B2D79}.Debug|x64.ActiveCfg = Debug|x64
		{FBDAABF8-F1D6-331F-836F-7A109C0B2D79}.Debug|x64.Build.0 = Debug|x64
		{FBDAABF8-F1D6-331F-836F-7A109C0B2D79}.Release|x64.ActiveCfg = Release|x64
		{FBDAABF8-F1D6-331F-836F-7A109C0B2D79}.Release|x64.Build.0 = Release|x64
		{FBDAABF8-F1D6-331F-836F-7A109C0B2D79}.MinSizeRel|x64.ActiveCfg = MinSizeRel|x64
		{FBDAABF8-F1D6-331F-836F-7A109C0B2D79}.MinSizeRel|x64.Build.0 = MinSizeRel|x64
		{FBDAABF8-F1D6-331F-836F-7A109C0B2D79}.RelWithDebInfo|x64.ActiveCfg = RelWithDebInfo|x64
		{FBDAABF8-F1D6-331F-836F-7A109C0B2D79}.RelWithDebInfo|x64.Build.0 = RelWithDebInfo|x64
		{6CF37EC7-B151-353A-8FCD-1627EE23AADA}.Debug|x64.ActiveCfg = Debug|x64
		{6CF37EC7-B151-353A-8FCD-1627EE23AADA}.Debug|x64.Build.0 = Debug|x64
		{6CF37EC7-B151-353A-8FCD-1627EE23AADA}.Release|x64.ActiveCfg = Release|x64
		{6CF37EC7-B151-353A-8FCD-1627EE23AADA}.Release|x64.Build.0 = Release|x64
		{6CF37EC7-B151-353A-8FCD-1627EE23AADA}.MinSizeRel|x64.ActiveCfg = MinSizeRel|x64
		{6CF37EC7-B151-353A-8FCD-1627EE23AADA}.MinSizeRel|x64.Build.0 = MinSizeRel|x64
		{6CF37EC7-B151-353A-8FCD-1627EE23AADA}.RelWithDebInfo|x64.ActiveCfg = RelWithDebInfo|x64
		{6CF37EC7-B151-353A-8FCD-1627EE23AADA}.RelWithDebInfo|x64.Build.0 = RelWithDebInfo|x64
		{70C1353A-5905-3203-9DB0-F03A309BC286}.Debug|x64.ActiveCfg = Debug|x64
		{70C1353A-5905-3203-9DB0-F03A309BC286}.Debug|x64.Build.0 = Debug|x64
		{70C1353A-5905-3203-9DB0-F03A309BC286}.Release|x64.ActiveCfg = Release|x64
		{70C1353A-5905-3203-9DB0-F03A309BC286}.Release|x64.Build.0 = Release|x64
		{70C1353A-5905-3203-9DB0-F03A309BC286}.MinSizeRel|x64.ActiveCfg = MinSizeRel|x64
		{70C1353A-5905-3203-9DB0-F03A309BC286}.MinSizeRel|x64.Build.0 = MinSizeRel|x64
		{70C1353A-5905-3203-9DB0-F03A309BC286}.RelWithDebInfo|x64.ActiveCfg = RelWithDebInfo|x64
		{70C1353A-5905-3203-9DB0-F03A309BC286}.RelWithDebInfo|x64.Build.0 = RelWithDebInfo|x64
		{4DC70948-843B-32A6-8E8F-799E07C70363}.Debug|x64.ActiveCfg = Debug|x64
		{4DC70948-843B-32A6-8E8F-799E07C70363}.Debug|x64.Build.0 = Debug|x64
		{4DC70948-843B-32A6-8E8F-799E07C70363}.Release|x64.ActiveCfg = Release|x64
		{4DC70948-843B-32A6-8E8F-799E07C70363}.Release|x64.Build.0 = Release|x64
		{4DC70948-843B-32A6-8E8F-799E07C70363}.MinSizeRel|x64.ActiveCfg = MinSizeRel|x64
		{4DC70948-843B-32A6-8E8F-799E07C70363}.MinSizeRel|x64.Build.0 = MinSizeRel|x64
		{4DC70948-843B-32A6-8E8F-799E07C70363}.RelWithDebInfo|x64.ActiveCfg = RelWithDebInfo|x64
		{4DC70948-843B-32A6-8E8F-799E07C70363}.RelWithDebInfo|x64.Build.0 = RelWithDebInfo|x64
		{42EACFE1-6E2F-3005-ADFE-F8D96604D918}.Debug|x64.ActiveCfg = Debug|x64
		{42EACFE1-6E2F-3005-ADFE-F8D96604D918}.Debug|x64.Build.0 = Debug|x64
		{42EACFE1-6E2F-3005-ADFE-F8D96604D918}.Release|x64.ActiveCfg = Release|x64
		{42EACFE1-6E2F-3005-ADFE-F8D96604D918}.Release|x64.Build.0 = Release|x64
		{42EACFE1-6E2F-3005-ADFE-F8D96604D918}.MinSizeRel|x64.ActiveCfg = MinSizeRel|x64
		{42EACFE1-6E2F-3005-ADFE-F8D96604D918}.MinSizeRel|x64.Build.0 = MinSizeRel|x64
		{42EACFE1-6E2F-3005-ADFE-F8D96604D918}.RelWithDebInfo|x64.ActiveCfg = RelWithDebInfo|x64
		{42EACFE1-6E2F-3005-ADFE-F8D96604D918}.RelWithDebInfo|x64.Build.0 = RelWithDebInfo|x64
		{37C41C82-3CE9-33F1-B7BA-41B9BC9E0D7A}.Debug|x64.ActiveCfg = Debug|x64
		{37C41C82-3CE9-33F1-B7BA-41B9BC9E0D7A}.Debug|x64.Build.0 = Debug|x64
		{37C41C82-3CE9-33F1-B7BA-41B9BC9E0D7A}.Release|x64.ActiveCfg = Release|x64
		{37C41C82-3CE9-33F1-B7BA-41B9BC9E0D7A}.Release|x64.Build.0 = Release|x64
		{37C41C82-3CE9-33F1-B7BA-41B9BC9E0D7A}.MinSizeRel|x64.ActiveCfg = MinSizeRel|x64
		{37C41C82-3CE9-33F1-B7BA-41B9BC9E0D7A}.MinSizeRel|x64.Build.0 = MinSizeRel|x64
		{37C41C82-3CE9-33F1-B7BA-41B9BC9E0D7A}.RelWithDebInfo|x64.ActiveCfg = RelWithDebInfo|x64
		{37C41C82-3CE9-33F1-B7BA-41B9BC9E0D7A}.RelWithDebInfo|x64.Build.0 = RelWithDebInfo|x64
		{FD9F1436-8F4F-3A3D-AC33-939CE83418A0}.Debug|x64.ActiveCfg = Debug|x64
		{FD9F1436-8F4F-3A3D-AC33-939CE83418A0}.Debug|x64.Build.0 = Debug|x64
		{FD9F1436-8F4F-3A3D-AC33-939CE83418A0}.Release|x64.ActiveCfg = Release|x64
		{FD9F1436-8F4F-3A3D-AC33-939CE83418A0}.Release|x64.Build.0 = Release|x64
		{FD9F1436-8F4F-3A3D-AC33-939CE83418A0}.MinSizeRel|x64.ActiveCfg = MinSizeRel|x64
		{FD9F1436-8F4F-3A3D-AC33-939CE83418A0}.MinSizeRel|x64.Build.0 = MinSizeRel|x64
		{FD9F1436-8F4F-3A3D-AC33-939CE83418A0}.RelWithDebInfo|x64.ActiveCfg = RelWithDebInfo|x64
		{FD9F1436-8F4F-3A3D-AC33-939CE83418A0}.RelWithDebInfo|x64.Build.0 = RelWithDebInfo|x64
		{DFFF0CEF-9700-3E9A-8D35-FCD2A7F5AA94}.Debug|x64.ActiveCfg = Debug|x64
		{DFFF0CEF-9700-3E9A-8D35-FCD2A7F5AA94}.Debug|x64.Build.0 = Debug|x64
		{DFFF0CEF-9700-3E9A-8D35-FCD2A7F5AA94}.Release|x64.ActiveCfg = Release|x64
		{DFFF0CEF-9700-3E9A-8D35-FCD2A7F5AA94}.Release|x64.Build.0 = Release|x64
		{DFFF0CEF-9700-3E9A-8D35-FCD2A7F5AA94}.MinSizeRel|x64.ActiveCfg = MinSizeRel|x64
		{DFFF0CEF-9700-3E9A-8D35-FCD2A7F5AA94}.MinSizeRel|x64.Build.0 = MinSizeRel|x64
		{DFFF0CEF-9700-3E9A-8D35-FCD2A7F5AA94}.RelWithDebInfo|x64.ActiveCfg = RelWithDebInfo|x64
		{DFFF0CEF-9700-3E9A-8D35-FCD2A7F5AA94}.RelWithDebInfo|x64.Build.0 = RelWithDebInfo|x64
		{B9935E54-6099-3CE4-A791-DF115B9044A2}.Debug|x64.ActiveCfg = Debug|x64
		{B9935E54-6099-3CE4-A791-DF115B9044A2}.Debug|x64.Build.0 = Debug|x64
		{B9935E54-6099-3CE4-A791-DF115B9044A2}.Release|x64.ActiveCfg = Release|x64
		{B9935E54-6099-3CE4-A791-DF115B9044A2}.Release|x64.Build.0 = Release|x64
		{B9935E54-6099-3CE4-A791-DF115B9044A2}.MinSizeRel|x64.ActiveCfg = MinSizeRel|x64
		{B9935E54-6099-3CE4-A791-DF115B9044A2}.MinSizeRel|x64.Build.0 = MinSizeRel|x64
		{B9935E54-6099-3CE4-A791-DF115B9044A2}.RelWithDebInfo|x64.ActiveCfg = RelWithDebInfo|x64
		{B9935E54-6099-3CE4-A791-DF115B9044A2}.RelWithDebInfo|x64.Build.0 = RelWithDebInfo|x64
		{0C3D1EC8-0772-3BC7-8861-9A3CD0D27452}.Debug|x64.ActiveCfg = Debug|x64
		{0C3D1EC8-0772-3BC7-8861-9A3CD0D27452}.Debug|x64.Build.0 = Debug|x64
		{0C3D1EC8-0772-3BC7-8861-9A3CD0D27452}.Release|x64.ActiveCfg = Release|x64
		{0C3D1EC8-0772-3BC7-8861-9A3CD0D27452}.Release|x64.Build.0 = Release|x64
		{0C3D1EC8-0772-3BC7-8861-9A3CD0D27452}.MinSizeRel|x64.ActiveCfg = MinSizeRel|x64
		{0C3D1EC8-0772-3BC7-8861-9A3CD0D27452}.MinSizeRel|x64.Build.0 = MinSizeRel|x64
		{0C3D1EC8-0772-3BC7-8861-9A3CD0D27452}.RelWithDebInfo|x64.ActiveCfg = RelWithDebInfo|x64
		{0C3D1EC8-0772-3BC7-8861-9A3CD0D27452}.RelWithDebInfo|x64.Build.0 = RelWithDebInfo|x64
		{0A95DCEA-0137-348C-9AF0-08E6089DB08A}.Debug|x64.ActiveCfg = Debug|x64
		{0A95DCEA-0137-348C-9AF0-08E6089DB08A}.Debug|x64.Build.0 = Debug|x64
		{0A95DCEA-0137-348C-9AF0-08E6089DB08A}.Release|x64.ActiveCfg = Release|x64
		{0A95DCEA-0137-348C-9AF0-08E6089DB08A}.Release|x64.Build.0 = Release|x64
		{0A95DCEA-0137-348C-9AF0-08E6089DB08A}.MinSizeRel|x64.ActiveCfg = MinSizeRel|x64
		{0A95DCEA-0137-348C-9AF0-08E6089DB08A}.MinSizeRel|x64.Build.0 = MinSizeRel|x64
		{0A95DCEA-0137-348C-9AF0-08E6089DB08A}.RelWithDebInfo|x64.ActiveCfg = RelWithDebInfo|x64
		{0A95DCEA-0137-348C-9AF0-08E6089DB08A}.RelWithDebInfo|x64.Build.0 = RelWithDebInfo|x64
		{00C03A80-7A11-3E5E-997B-376CB7CACE42}.Debug|x64.ActiveCfg = Debug|x64
		{00C03A80-7A11-3E5E-997B-376CB7CACE42}.Debug|x64.Build.0 = Debug|x64
		{00C03A80-7A11-3E5E-997B-376CB7CACE42}.Release|x64.ActiveCfg = Release|x64
		{00C03A80-7A11-3E5E-997B-376CB7CACE42}.Release|x64.Build.0 = Release|x64
		{00C03A80-7A11-3E5E-997B-376CB7CACE42}.MinSizeRel|x64.ActiveCfg = MinSizeRel|x64
		{00C03A80-7A11-3E5E-997B-376CB7CACE42}.MinSizeRel|x64.Build.0 = MinSizeRel|x64
		{00C03A80-7A11-3E5E-997B-376CB7CACE42}.RelWithDebInfo|x64.ActiveCfg = RelWithDebInfo|x64
		{00C03A80-7A11-3E5E-997B-376CB7CACE42}.RelWithDebInfo|x64.Build.0 = RelWithDebInfo|x64
		{E08E9EC5-B18A-3C23-9C71-0CF80F8A3A3E}.Debug|x64.ActiveCfg = Debug|x64
		{E08E9EC5-B18A-3C23-9C71-0CF80F8A3A3E}.Debug|x64.Build.0 = Debug|x64
		{E08E9EC5-B18A-3C23-9C71-0CF80F8A3A3E}.Release|x64.ActiveCfg = Release|x64
		{E08E9EC5-B18A-3C23-9C71-0CF80F8A3A3E}.Release|x64.Build.0 = Release|x64
		{E08E9EC5-B18A-3C23-9C71-0CF80F8A3A3E}.MinSizeRel|x64.ActiveCfg = MinSizeRel|x64
		{E08E9EC5-B18A-3C23-9C71-0CF80F8A3A3E}.MinSizeRel|x64.Build.0 = MinSizeRel|x64
		{E08E9EC5-B18A-3C23-9C71-0CF80F8A3A3E}.RelWithDebInfo|x64.ActiveCfg = RelWithDebInfo|x64
		{E08E9EC5-B18A-3C23-9C71-0CF80F8A3A3E}.RelWithDebInfo|x64.Build.0 = RelWithDebInfo|x64
		{F95A40E2-98F8-39B0-9A53-8844190DD3A2}.Debug|x64.ActiveCfg = Debug|x64
		{F95A40E2-98F8-39B0-9A53-8844190DD3A2}.Debug|x64.Build.0 = Debug|x64
		{F95A40E2-98F8-39B0-9A53-8844190DD3A2}.Release|x64.ActiveCfg = Release|x64
		{F95A40E2-98F8-39B0-9A53-8844190DD3A2}.Release|x64.Build.0 = Release|x64
		{F95A40E2-98F8-39B0-9A53-8844190DD3A2}.MinSizeRel|x64.ActiveCfg = MinSizeRel|x64
		{F95A40E2-98F8-39B0-9A53-8844190DD3A2}.MinSizeRel|x64.Build.0 = MinSizeRel|x64
		{F95A40E2-98F8-39B0-9A53-8844190DD3A2}.RelWithDebInfo|x64.ActiveCfg = RelWithDebInfo|x64
		{F95A40E2-98F8-39B0-9A53-8844190DD3A2}.RelWithDebInfo|x64.Build.0 = RelWithDebInfo|x64
		{39697F45-499A-3C8A-A185-24530B284F52}.Debug|x64.ActiveCfg = Debug|x64
		{39697F45-499A-3C8A-A185-24530B284F52}.Debug|x64.Build.0 = Debug|x64
		{39697F45-499A-3C8A-A185-24530B284F52}.Release|x64.ActiveCfg = Release|x64
		{39697F45-499A-3C8A-A185-24530B284F52}.Release|x64.Build.0 = Release|x64
		{39697F45-499A-3C8A-A185-24530B284F52}.MinSizeRel|x64.ActiveCfg = MinSizeRel|x64
		{39697F45-499A-3C8A-A185-24530B284F52}.MinSizeRel|x64.Build.0 = MinSizeRel|x64
		{39697F45-499A-3C8A-A185-24530B284F52}.RelWithDebInfo|x64.ActiveCfg = RelWithDebInfo|x64
		{39697F45-499A-3C8A-A185-24530B284F52}.RelWithDebInfo|x64.Build.0 = RelWithDebInfo|x64
		{A5A51ED5-3A37-325F-B906-E2661FF9742C}.Debug|x64.ActiveCfg = Debug|x64
		{A5A51ED5-3A37-325F-B906-E2661FF9742C}.Debug|x64.Build.0 = Debug|x64
		{A5A51ED5-3A37-325F-B906-E2661FF9742C}.Release|x64.ActiveCfg = Release|x64
		{A5A51ED5-3A37-325F-B906-E2661FF9742C}.Release|x64.Build.0 = Release|x64
		{A5A51ED5-3A37-325F-B906-E2661FF9742C}.MinSizeRel|x64.ActiveCfg = MinSizeRel|x64
		{A5A51ED5-3A37-325F-B906-E2661FF9742C}.MinSizeRel|x64.Build.0 = MinSizeRel|x64
		{A5A51ED5-3A37-325F-B906-E2661FF9742C}.RelWithDebInfo|x64.ActiveCfg = RelWithDebInfo|x64
		{A5A51ED5-3A37-325F-B906-E2661FF9742C}.RelWithDebInfo|x64.Build.0 = RelWithDebInfo|x64
		{84AD9DE6-3554-3BC6-9680-E659103E9580}.Debug|x64.ActiveCfg = Debug|x64
		{84AD9DE6-3554-3BC6-9680-E659103E9580}.Release|x64.ActiveCfg = Release|x64
		{84AD9DE6-3554-3BC6-9680-E659103E9580}.MinSizeRel|x64.ActiveCfg = MinSizeRel|x64
		{84AD9DE6-3554-3BC6-9680-E659103E9580}.RelWithDebInfo|x64.ActiveCfg = RelWithDebInfo|x64
		{B624897C-871D-3BD1-9F83-1426CEB0A8F7}.Debug|x64.ActiveCfg = Debug|x64
		{B624897C-871D-3BD1-9F83-1426CEB0A8F7}.Debug|x64.Build.0 = Debug|x64
		{B624897C-871D-3BD1-9F83-1426CEB0A8F7}.Release|x64.ActiveCfg = Release|x64
		{B624897C-871D-3BD1-9F83-1426CEB0A8F7}.Release|x64.Build.0 = Release|x64
		{B624897C-871D-3BD1-9F83-1426CEB0A8F7}.MinSizeRel|x64.ActiveCfg = MinSizeRel|x64
		{B624897C-871D-3BD1-9F83-1426CEB0A8F7}.MinSizeRel|x64.Build.0 = MinSizeRel|x64
		{B624897C-871D-3BD1-9F83-1426CEB0A8F7}.RelWithDebInfo|x64.ActiveCfg = RelWithDebInfo|x64
		{B624897C-871D-3BD1-9F83-1426CEB0A8F7}.RelWithDebInfo|x64.Build.0 = RelWithDebInfo|x64
		{2270DA9F-1F28-3986-BE81-7635AC85802B}.Debug|x64.ActiveCfg = Debug|x64
		{2270DA9F-1F28-3986-BE81-7635AC85802B}.Debug|x64.Build.0 = Debug|x64
		{2270DA9F-1F28-3986-BE81-7635AC85802B}.Release|x64.ActiveCfg = Release|x64
		{2270DA9F-1F28-3986-BE81-7635AC85802B}.Release|x64.Build.0 = Release|x64
		{2270DA9F-1F28-3986-BE81-7635AC85802B}.MinSizeRel|x64.ActiveCfg = MinSizeRel|x64
		{2270DA9F-1F28-3986-BE81-7635AC85802B}.MinSizeRel|x64.Build.0 = MinSizeRel|x64
		{2270DA9F-1F28-3986-BE81-7635AC85802B}.RelWithDebInfo|x64.ActiveCfg = RelWithDebInfo|x64
		{2270DA9F-1F28-3986-BE81-7635AC85802B}.RelWithDebInfo|x64.Build.0 = RelWithDebInfo|x64
		{7A9CF1D6-D765-3639-A86F-BA75001E2052}.Debug|x64.ActiveCfg = Debug|x64
		{7A9CF1D6-D765-3639-A86F-BA75001E2052}.Debug|x64.Build.0 = Debug|x64
		{7A9CF1D6-D765-3639-A86F-BA75001E2052}.Release|x64.ActiveCfg = Release|x64
		{7A9CF1D6-D765-3639-A86F-BA75001E2052}.Release|x64.Build.0 = Release|x64
		{7A9CF1D6-D765-3639-A86F-BA75001E2052}.MinSizeRel|x64.ActiveCfg = MinSizeRel|x64
		{7A9CF1D6-D765-3639-A86F-BA75001E2052}.MinSizeRel|x64.Build.0 = MinSizeRel|x64
		{7A9CF1D6-D765-3639-A86F-BA75001E2052}.RelWithDebInfo|x64.ActiveCfg = RelWithDebInfo|x64
		{7A9CF1D6-D765-3639-A86F-BA75001E2052}.RelWithDebInfo|x64.Build.0 = RelWithDebInfo|x64
	EndGlobalSection
	GlobalSection(NestedProjects) = preSolution
		{B92404E3-F46D-393B-B4A5-2D8D2DB2210F} = {B25E3B17-E62B-3B8C-A5FD-287F79EB3F8C}
		{45F87CD8-4B4A-3936-8F23-938181BB38B5} = {B25E3B17-E62B-3B8C-A5FD-287F79EB3F8C}
		{B8AC59B3-836F-3187-8947-3940E4D7BA4E} = {02EB90B3-3BC2-3B67-849A-D8DDA6F1FA12}
		{0E7C34CF-1A0B-3851-B9CD-DE01E89FF296} = {02EB90B3-3BC2-3B67-849A-D8DDA6F1FA12}
		{FBDAABF8-F1D6-331F-836F-7A109C0B2D79} = {02EB90B3-3BC2-3B67-849A-D8DDA6F1FA12}
		{5D84613D-C591-3C25-852B-260C9DEC97B7} = {B8AC59B3-836F-3187-8947-3940E4D7BA4E}
		{E79145E9-4D26-3993-8568-FA2F7B9EB8EF} = {B8AC59B3-836F-3187-8947-3940E4D7BA4E}
		{70C1353A-5905-3203-9DB0-F03A309BC286} = {B8AC59B3-836F-3187-8947-3940E4D7BA4E}
		{DFFF0CEF-9700-3E9A-8D35-FCD2A7F5AA94} = {B8AC59B3-836F-3187-8947-3940E4D7BA4E}
		{0A95DCEA-0137-348C-9AF0-08E6089DB08A} = {B8AC59B3-836F-3187-8947-3940E4D7BA4E}
		{00C03A80-7A11-3E5E-997B-376CB7CACE42} = {B8AC59B3-836F-3187-8947-3940E4D7BA4E}
		{B624897C-871D-3BD1-9F83-1426CEB0A8F7} = {B8AC59B3-836F-3187-8947-3940E4D7BA4E}
		{09F4DFD8-2ECD-3A59-BBE2-1E968AAED39F} = {0E7C34CF-1A0B-3851-B9CD-DE01E89FF296}
		{7411F029-F901-3D5D-ABBA-AA16182A142E} = {0E7C34CF-1A0B-3851-B9CD-DE01E89FF296}
		{BAC605AB-0ECB-39B2-809E-1317D3B79836} = {0E7C34CF-1A0B-3851-B9CD-DE01E89FF296}
		{92B74D47-F47B-31DD-A4B7-A3768D503F2C} = {0E7C34CF-1A0B-3851-B9CD-DE01E89FF296}
		{66455C4E-FB8D-395E-950C-A6EFE36B77FB} = {0E7C34CF-1A0B-3851-B9CD-DE01E89FF296}
		{6CF37EC7-B151-353A-8FCD-1627EE23AADA} = {0E7C34CF-1A0B-3851-B9CD-DE01E89FF296}
		{4DC70948-843B-32A6-8E8F-799E07C70363} = {0E7C34CF-1A0B-3851-B9CD-DE01E89FF296}
		{42EACFE1-6E2F-3005-ADFE-F8D96604D918} = {0E7C34CF-1A0B-3851-B9CD-DE01E89FF296}
		{37C41C82-3CE9-33F1-B7BA-41B9BC9E0D7A} = {0E7C34CF-1A0B-3851-B9CD-DE01E89FF296}
		{FD9F1436-8F4F-3A3D-AC33-939CE83418A0} = {0E7C34CF-1A0B-3851-B9CD-DE01E89FF296}
		{B9935E54-6099-3CE4-A791-DF115B9044A2} = {0E7C34CF-1A0B-3851-B9CD-DE01E89FF296}
		{0C3D1EC8-0772-3BC7-8861-9A3CD0D27452} = {0E7C34CF-1A0B-3851-B9CD-DE01E89FF296}
		{E08E9EC5-B18A-3C23-9C71-0CF80F8A3A3E} = {0E7C34CF-1A0B-3851-B9CD-DE01E89FF296}
		{F95A40E2-98F8-39B0-9A53-8844190DD3A2} = {0E7C34CF-1A0B-3851-B9CD-DE01E89FF296}
		{39697F45-499A-3C8A-A185-24530B284F52} = {0E7C34CF-1A0B-3851-B9CD-DE01E89FF296}
		{2270DA9F-1F28-3986-BE81-7635AC85802B} = {0E7C34CF-1A0B-3851-B9CD-DE01E89FF296}
	EndGlobalSection
	GlobalSection(ExtensibilityGlobals) = postSolution
		SolutionGuid = {A1E4B39B-74AB-3634-BFF0-EDA22DDF04CA}
	EndGlobalSection
	GlobalSection(ExtensibilityAddIns) = postSolution
	EndGlobalSection
EndGlobal
