<?xml version="1.0" encoding="utf-8"?>
<Project ToolsVersion="16.0" xmlns="http://schemas.microsoft.com/developer/msbuild/2003">
  <ItemGroup>
    <ClCompile Include="E:\Github\MinecraftPROTO\ogl-master\tutorial07_model_loading\tutorial07.cpp">
      <Filter>Source Files</Filter>
    </ClCompile>
    <ClCompile Include="E:\Github\MinecraftPROTO\ogl-master\common\shader.cpp">
      <Filter>common</Filter>
    </ClCompile>
    <ClCompile Include="E:\Github\MinecraftPROTO\ogl-master\common\controls.cpp">
      <Filter>common</Filter>
    </ClCompile>
    <ClCompile Include="E:\Github\MinecraftPROTO\ogl-master\common\texture.cpp">
      <Filter>common</Filter>
    </ClCompile>
    <ClCompile Include="E:\Github\MinecraftPROTO\ogl-master\common\objloader.cpp">
      <Filter>common</Filter>
    </ClCompile>
    <ClCompile Include="..\ogl-master\tutorial07_model_loading\Scripts\Block_Render.cpp">
      <Filter>Source Files</Filter>
    </ClCompile>
    <ClCompile Include="..\ogl-master\tutorial07_model_loading\Scripts\Chunk.cpp">
      <Filter>Source Files</Filter>
    </ClCompile>
    <ClCompile Include="..\ogl-master\tutorial07_model_loading\Scripts\ChunksManager.cpp">
      <Filter>Source Files</Filter>
    </ClCompile>
    <ClCompile Include="..\ogl-master\tutorial07_model_loading\Scripts\MainGame.cpp">
      <Filter>Source Files</Filter>
    </ClCompile>
    <ClCompile Include="..\ogl-master\tutorial07_model_loading\Scripts\TextureLoader.cpp">
      <Filter>Source Files</Filter>
    </ClCompile>
    <ClCompile Include="..\ogl-master\tutorial07_model_loading\Scripts\World.cpp">
      <Filter>Source Files</Filter>
    </ClCompile>
  </ItemGroup>
  <ItemGroup>
    <ClInclude Include="E:\Github\MinecraftPROTO\ogl-master\common\shader.hpp">
      <Filter>common</Filter>
    </ClInclude>
    <ClInclude Include="E:\Github\MinecraftPROTO\ogl-master\common\controls.hpp">
      <Filter>common</Filter>
    </ClInclude>
    <ClInclude Include="E:\Github\MinecraftPROTO\ogl-master\common\texture.hpp">
      <Filter>common</Filter>
    </ClInclude>
    <ClInclude Include="E:\Github\MinecraftPROTO\ogl-master\common\objloader.hpp">
      <Filter>common</Filter>
    </ClInclude>
    <ClInclude Include="..\ogl-master\tutorial07_model_loading\Scripts\Block_Render.h">
      <Filter>Source Files</Filter>
    </ClInclude>
    <ClInclude Include="..\ogl-master\tutorial07_model_loading\Scripts\Block_Type.h">
      <Filter>Source Files</Filter>
    </ClInclude>
    <ClInclude Include="..\ogl-master\tutorial07_model_loading\Scripts\Chunk.h">
      <Filter>Source Files</Filter>
    </ClInclude>
    <ClInclude Include="..\ogl-master\tutorial07_model_loading\Scripts\ChunksManager.h">
      <Filter>Source Files</Filter>
    </ClInclude>
    <ClInclude Include="..\ogl-master\tutorial07_model_loading\Scripts\GlobalDefine.h">
      <Filter>Source Files</Filter>
    </ClInclude>
    <ClInclude Include="..\ogl-master\tutorial07_model_loading\Scripts\MainGame.h">
      <Filter>Source Files</Filter>
    </ClInclude>
    <ClInclude Include="..\ogl-master\tutorial07_model_loading\Scripts\TextureLoader.h">
      <Filter>Source Files</Filter>
    </ClInclude>
    <ClInclude Include="..\ogl-master\tutorial07_model_loading\Scripts\World.h">
      <Filter>Source Files</Filter>
    </ClInclude>
  </ItemGroup>
  <ItemGroup>
    <CustomBuild Include="E:\Github\MinecraftPROTO\ogl-master\CMakeLists.txt" />
  </ItemGroup>
  <ItemGroup>
    <None Include="E:\Github\MinecraftPROTO\ogl-master\tutorial07_model_loading\TransformVertexShader.vertexshader">
      <Filter>shaders</Filter>
    </None>
    <None Include="E:\Github\MinecraftPROTO\ogl-master\tutorial07_model_loading\TextureFragmentShader.fragmentshader">
      <Filter>shaders</Filter>
    </None>
  </ItemGroup>
  <ItemGroup>
    <Filter Include="Source Files">
      <UniqueIdentifier>{B27B20D0-5612-3D13-8708-2D54FA71A328}</UniqueIdentifier>
    </Filter>
    <Filter Include="common">
      <UniqueIdentifier>{354A946E-3C59-3D7B-B537-7B591B268FC8}</UniqueIdentifier>
    </Filter>
    <Filter Include="shaders">
      <UniqueIdentifier>{DF2A3400-35BE-3FC4-BD7D-FEF8D49A3F9A}</UniqueIdentifier>
    </Filter>
  </ItemGroup>
</Project>